{
  "object": {
    "pins": [
      {
        "package": "SAKBase",
        "repositoryURL": "git@github.com:glorysaber/SAKBase.git",
        "state": {
          "branch": null,
          "revision": "2e0b6163489e5a0135c87a60492c4ff1de8094e8",
          "version": "0.0.1"
        }
      }
    ]
  },
  "version": 1
}
