// !$*UTF8*$!
{
	archiveVersion = 1;
	classes = {
	};
	objectVersion = 52;
	objects = {

/* Begin PBXBuildFile section */
		CC2ABD0E267440A4003C34B7 /* SAKBase in Frameworks */ = {isa = PBXBuildFile; productRef = CC2ABD0D267440A4003C34B7 /* SAKBase */; };
		CC2ABD10267448FD003C34B7 /* MutableValueReference+AnyComponentRow.swift in Sources */ = {isa = PBXBuildFile; fileRef = CC2ABD0F267448FD003C34B7 /* MutableValueReference+AnyComponentRow.swift */; };
		CC2DFB6D267676E500DB1841 /* AnyEntityComponent.swift in Sources */ = {isa = PBXBuildFile; fileRef = CC2DFB6C267676E500DB1841 /* AnyEntityComponent.swift */; };
		CC2DFB6F267681B500DB1841 /* ECSManager+AnyEntityComponent.swift in Sources */ = {isa = PBXBuildFile; fileRef = CC2DFB6E267681B500DB1841 /* ECSManager+AnyEntityComponent.swift */; };
		CC2DFB722676827300DB1841 /* ComponentBranch+AnyEntityComponent.swift in Sources */ = {isa = PBXBuildFile; fileRef = CC2DFB712676827300DB1841 /* ComponentBranch+AnyEntityComponent.swift */; };
		CC2DFB742676828D00DB1841 /* ComponentMatrix+AnyEntityComponent.swift in Sources */ = {isa = PBXBuildFile; fileRef = CC2DFB732676828D00DB1841 /* ComponentMatrix+AnyEntityComponent.swift */; };
		CC3322D925BD06F1000978FD /* ArchetypeBranchTests.swift in Sources */ = {isa = PBXBuildFile; fileRef = CC3322D825BD06F1000978FD /* ArchetypeBranchTests.swift */; };
		CC3322DD25BD0825000978FD /* ArchetypeBranch.swift in Sources */ = {isa = PBXBuildFile; fileRef = CC3322DC25BD0825000978FD /* ArchetypeBranch.swift */; };
		CC3322E125BD0D9C000978FD /* ArchetypeGroup.swift in Sources */ = {isa = PBXBuildFile; fileRef = CC3322E025BD0D9C000978FD /* ArchetypeGroup.swift */; };
		CC4AA26E24AA816C0025C805 /* SAKECS.framework in Frameworks */ = {isa = PBXBuildFile; fileRef = CC4AA26524AA816C0025C805 /* SAKECS.framework */; };
		CC4AA27524AA816C0025C805 /* SAKECS.h in Headers */ = {isa = PBXBuildFile; fileRef = CC4AA26724AA816C0025C805 /* SAKECS.h */; settings = {ATTRIBUTES = (Public, ); }; };
		CC4AA27C24AA81AD0025C805 /* ECSTagsTests.swift in Sources */ = {isa = PBXBuildFile; fileRef = CCC1C1A623D78B600027CD2B /* ECSTagsTests.swift */; };
		CC4AA27D24AA81AD0025C805 /* SAKECSTests.swift in Sources */ = {isa = PBXBuildFile; fileRef = CCC1C1A723D78B600027CD2B /* SAKECSTests.swift */; };
		CC4AA27E24AA81AD0025C805 /* ECSComponentTests.swift in Sources */ = {isa = PBXBuildFile; fileRef = CCC1C1A523D78B600027CD2B /* ECSComponentTests.swift */; };
		CC4AA27F24AA81B60025C805 /* EventSystem.swift in Sources */ = {isa = PBXBuildFile; fileRef = CCC1C15C23D78B0E0027CD2B /* EventSystem.swift */; };
		CC4AA28024AA81B60025C805 /* CentralEventSystem.swift in Sources */ = {isa = PBXBuildFile; fileRef = CCC1C15B23D78B0E0027CD2B /* CentralEventSystem.swift */; };
		CC4AA28124AA81BA0025C805 /* EntityComponentSystem.swift in Sources */ = {isa = PBXBuildFile; fileRef = CCC1C15F23D78B0E0027CD2B /* EntityComponentSystem.swift */; };
		CC4AA28224AA81BA0025C805 /* EntityComponentEventSystem.swift in Sources */ = {isa = PBXBuildFile; fileRef = CCC1C15E23D78B0E0027CD2B /* EntityComponentEventSystem.swift */; };
		CC4AA28324AA81BA0025C805 /* ComponentSystem.swift in Sources */ = {isa = PBXBuildFile; fileRef = CCC1C16023D78B0E0027CD2B /* ComponentSystem.swift */; };
		CC4AA28824AA81BF0025C805 /* EntitySystem.swift in Sources */ = {isa = PBXBuildFile; fileRef = CCC1C16523D78B0E0027CD2B /* EntitySystem.swift */; };
		CC4AA28924AA81BF0025C805 /* EntitySystem+Entity.swift in Sources */ = {isa = PBXBuildFile; fileRef = CCC1C16623D78B0E0027CD2B /* EntitySystem+Entity.swift */; };
		CC4AA28A24AA81BF0025C805 /* EntitySystem+Tags.swift in Sources */ = {isa = PBXBuildFile; fileRef = CCC1C16423D78B0E0027CD2B /* EntitySystem+Tags.swift */; };
		CC4AA28B24AA81BF0025C805 /* EntitySystem+RawRepresentableTags.swift in Sources */ = {isa = PBXBuildFile; fileRef = CCC1C16723D78B0E0027CD2B /* EntitySystem+RawRepresentableTags.swift */; };
		CC4AA28E24AA865E0025C805 /* MetaEntity.swift in Sources */ = {isa = PBXBuildFile; fileRef = CCC1C17023D78B0E0027CD2B /* MetaEntity.swift */; };
		CC4AA28F24AA865E0025C805 /* MetaEntity+Sythesized.swift in Sources */ = {isa = PBXBuildFile; fileRef = CCC1C16E23D78B0E0027CD2B /* MetaEntity+Sythesized.swift */; };
		CC4AA29024AA865E0025C805 /* MetaEntity+Components.swift in Sources */ = {isa = PBXBuildFile; fileRef = CCC1C17123D78B0E0027CD2B /* MetaEntity+Components.swift */; };
		CC4AA29124AA865E0025C805 /* MetaEntity+Tags.swift in Sources */ = {isa = PBXBuildFile; fileRef = CCC1C16F23D78B0E0027CD2B /* MetaEntity+Tags.swift */; };
		CC4AA29224AA86660025C805 /* ContainedItems.swift in Sources */ = {isa = PBXBuildFile; fileRef = CCC1C16A23D78B0E0027CD2B /* ContainedItems.swift */; };
		CC4AA29324AA86660025C805 /* EntityComponent.swift in Sources */ = {isa = PBXBuildFile; fileRef = CCC1C16923D78B0E0027CD2B /* EntityComponent.swift */; };
		CC4AA29424AA86660025C805 /* EntityQuery.swift in Sources */ = {isa = PBXBuildFile; fileRef = CCC1C16C23D78B0E0027CD2B /* EntityQuery.swift */; };
		CC4AA29524AA86660025C805 /* Entity.swift in Sources */ = {isa = PBXBuildFile; fileRef = CCC1C16B23D78B0E0027CD2B /* Entity.swift */; };
		CC4AA29624AA86660025C805 /* EntityTag.swift in Sources */ = {isa = PBXBuildFile; fileRef = CCC1C17323D78B0E0027CD2B /* EntityTag.swift */; };
		CC4AA29724AA86700025C805 /* ECSManager+Tags.swift in Sources */ = {isa = PBXBuildFile; fileRef = CCC1C17723D78B0E0027CD2B /* ECSManager+Tags.swift */; };
		CC4AA29824AA86700025C805 /* ECSManager+Systems.swift in Sources */ = {isa = PBXBuildFile; fileRef = CCC1C17B23D78B0E0027CD2B /* ECSManager+Systems.swift */; };
		CC4AA29924AA86700025C805 /* ECSManager+Entities.swift in Sources */ = {isa = PBXBuildFile; fileRef = CCC1C17A23D78B0E0027CD2B /* ECSManager+Entities.swift */; };
		CC4AA29A24AA86700025C805 /* ECSManager+Components.swift in Sources */ = {isa = PBXBuildFile; fileRef = CCC1C17923D78B0E0027CD2B /* ECSManager+Components.swift */; };
		CC4AA29B24AA86700025C805 /* ECSManager.swift in Sources */ = {isa = PBXBuildFile; fileRef = CCC1C17823D78B0E0027CD2B /* ECSManager.swift */; };
		CC6024D925AAA15600841C71 /* EntityComponentChunkTests.swift in Sources */ = {isa = PBXBuildFile; fileRef = CC6024D825AAA15600841C71 /* EntityComponentChunkTests.swift */; };
		CC6024E625AAA17D00841C71 /* EntityComponentChunk.swift in Sources */ = {isa = PBXBuildFile; fileRef = CC6024DE25AAA16900841C71 /* EntityComponentChunk.swift */; };
		CC6106F925A1213B001F120B /* ComponentMatrix.swift in Sources */ = {isa = PBXBuildFile; fileRef = CC6106F825A1213B001F120B /* ComponentMatrix.swift */; };
		CC61070325A12162001F120B /* ComponentMatrixTests.swift in Sources */ = {isa = PBXBuildFile; fileRef = CC61070225A12162001F120B /* ComponentMatrixTests.swift */; };
		CC61070D25A2522B001F120B /* ComponentRow.swift in Sources */ = {isa = PBXBuildFile; fileRef = CC61070C25A2522B001F120B /* ComponentRow.swift */; };
		CC61071125A252CE001F120B /* ComponentRowTests.swift in Sources */ = {isa = PBXBuildFile; fileRef = CC61071025A252CE001F120B /* ComponentRowTests.swift */; };
		CC7E97DB2646504200BE66C2 /* ComponentArchetype.swift in Sources */ = {isa = PBXBuildFile; fileRef = CC7E97DA2646504200BE66C2 /* ComponentArchetype.swift */; };
		CC8CE53A26755853004D999B /* AnyComponentRow.swift in Sources */ = {isa = PBXBuildFile; fileRef = CC8CE53926755853004D999B /* AnyComponentRow.swift */; };
		CC9245202661DB3100FE344D /* MutableValueReference+ComponentBranch.swift in Sources */ = {isa = PBXBuildFile; fileRef = CC92451F2661DB3100FE344D /* MutableValueReference+ComponentBranch.swift */; };
		CC9245252662746E00FE344D /* WorldSystemService.swift in Sources */ = {isa = PBXBuildFile; fileRef = CC9245222662746E00FE344D /* WorldSystemService.swift */; };
		CC9245262662746E00FE344D /* WorldTagService.swift in Sources */ = {isa = PBXBuildFile; fileRef = CC9245232662746E00FE344D /* WorldTagService.swift */; };
		CC9245272662746E00FE344D /* WorldEntityService.swift in Sources */ = {isa = PBXBuildFile; fileRef = CC9245242662746E00FE344D /* WorldEntityService.swift */; };
		CC9ECB8F26768D4800DEBC20 /* IntComponent.swift in Sources */ = {isa = PBXBuildFile; fileRef = CC9ECB8226768CB500DEBC20 /* IntComponent.swift */; };
		CC9ECB9026768D4800DEBC20 /* NullComponent.swift in Sources */ = {isa = PBXBuildFile; fileRef = CC9ECB8C26768CE600DEBC20 /* NullComponent.swift */; };
		CC9ECB9126768D4800DEBC20 /* ECSManager+Components.swift in Sources */ = {isa = PBXBuildFile; fileRef = CC9ECB7C26768C4900DEBC20 /* ECSManager+Components.swift */; };
		CC9ECB9226768D4800DEBC20 /* StringComponent.swift in Sources */ = {isa = PBXBuildFile; fileRef = CC9ECB8026768CA200DEBC20 /* StringComponent.swift */; };
		CC9ECB9326768D4800DEBC20 /* ComponentFamilyID+Components.swift in Sources */ = {isa = PBXBuildFile; fileRef = CCB9049E266725E600220563 /* ComponentFamilyID+Components.swift */; };
		CC9ECB9426768D4800DEBC20 /* AnyEntityComponent+Components.swift in Sources */ = {isa = PBXBuildFile; fileRef = CC9ECB7E26768C6A00DEBC20 /* AnyEntityComponent+Components.swift */; };
		CC9ECB9526768D4800DEBC20 /* BoolComponent.swift in Sources */ = {isa = PBXBuildFile; fileRef = CC9ECB8426768CC300DEBC20 /* BoolComponent.swift */; };
		CC9ECB992676939100DEBC20 /* ComponentColumnIndex.swift in Sources */ = {isa = PBXBuildFile; fileRef = CC9ECB982676939100DEBC20 /* ComponentColumnIndex.swift */; };
		CCADF7AB25DEAF21002974A8 /* WorldEntityComponentService.swift in Sources */ = {isa = PBXBuildFile; fileRef = CCADF7AA25DEAF21002974A8 /* WorldEntityComponentService.swift */; };
		CCB9049C266725C900220563 /* ECSEventsTests.swift in Sources */ = {isa = PBXBuildFile; fileRef = CCB9049B266725C900220563 /* ECSEventsTests.swift */; };
		CCC4ADD4263F810600B4D0BE /* ECSManagerComposer.swift in Sources */ = {isa = PBXBuildFile; fileRef = CCC4ADD3263F810600B4D0BE /* ECSManagerComposer.swift */; };
		CCF2E026267436A50021A569 /* ComponentRowProtocol.swift in Sources */ = {isa = PBXBuildFile; fileRef = CCF2E025267436A50021A569 /* ComponentRowProtocol.swift */; };
		CCF2E028267438000021A569 /* ComponentRow+ComponentRowProtocol.swift in Sources */ = {isa = PBXBuildFile; fileRef = CCF2E027267438000021A569 /* ComponentRow+ComponentRowProtocol.swift */; };
		CCFF976A26350D2100B7DB30 /* ArchetypeTree.swift in Sources */ = {isa = PBXBuildFile; fileRef = CCFF976926350D2100B7DB30 /* ArchetypeTree.swift */; };
		CCFF9775263529BD00B7DB30 /* ECSManagerComponentSystem.swift in Sources */ = {isa = PBXBuildFile; fileRef = CCFF9774263529BD00B7DB30 /* ECSManagerComponentSystem.swift */; };
/* End PBXBuildFile section */

/* Begin PBXContainerItemProxy section */
		CC4AA26F24AA816C0025C805 /* PBXContainerItemProxy */ = {
			isa = PBXContainerItemProxy;
			containerPortal = CCC1C14423D78AC70027CD2B /* Project object */;
			proxyType = 1;
			remoteGlobalIDString = CC4AA26424AA816C0025C805;
			remoteInfo = SAKECS;
		};
/* End PBXContainerItemProxy section */

/* Begin PBXFileReference section */
		CC2ABD0C26743FC8003C34B7 /* SAKBase */ = {isa = PBXFileReference; lastKnownFileType = folder; name = SAKBase; path = ../SAKBase; sourceTree = "<group>"; };
		CC2ABD0F267448FD003C34B7 /* MutableValueReference+AnyComponentRow.swift */ = {isa = PBXFileReference; lastKnownFileType = sourcecode.swift; path = "MutableValueReference+AnyComponentRow.swift"; sourceTree = "<group>"; };
		CC2DFB6C267676E500DB1841 /* AnyEntityComponent.swift */ = {isa = PBXFileReference; lastKnownFileType = sourcecode.swift; path = AnyEntityComponent.swift; sourceTree = "<group>"; };
		CC2DFB6E267681B500DB1841 /* ECSManager+AnyEntityComponent.swift */ = {isa = PBXFileReference; lastKnownFileType = sourcecode.swift; path = "ECSManager+AnyEntityComponent.swift"; sourceTree = "<group>"; };
		CC2DFB712676827300DB1841 /* ComponentBranch+AnyEntityComponent.swift */ = {isa = PBXFileReference; lastKnownFileType = sourcecode.swift; path = "ComponentBranch+AnyEntityComponent.swift"; sourceTree = "<group>"; };
		CC2DFB732676828D00DB1841 /* ComponentMatrix+AnyEntityComponent.swift */ = {isa = PBXFileReference; lastKnownFileType = sourcecode.swift; path = "ComponentMatrix+AnyEntityComponent.swift"; sourceTree = "<group>"; };
		CC3322D825BD06F1000978FD /* ArchetypeBranchTests.swift */ = {isa = PBXFileReference; lastKnownFileType = sourcecode.swift; path = ArchetypeBranchTests.swift; sourceTree = "<group>"; };
		CC3322DC25BD0825000978FD /* ArchetypeBranch.swift */ = {isa = PBXFileReference; lastKnownFileType = sourcecode.swift; path = ArchetypeBranch.swift; sourceTree = "<group>"; };
		CC3322E025BD0D9C000978FD /* ArchetypeGroup.swift */ = {isa = PBXFileReference; lastKnownFileType = sourcecode.swift; path = ArchetypeGroup.swift; sourceTree = "<group>"; };
		CC4AA26524AA816C0025C805 /* SAKECS.framework */ = {isa = PBXFileReference; explicitFileType = wrapper.framework; includeInIndex = 0; path = SAKECS.framework; sourceTree = BUILT_PRODUCTS_DIR; };
		CC4AA26724AA816C0025C805 /* SAKECS.h */ = {isa = PBXFileReference; lastKnownFileType = sourcecode.c.h; path = SAKECS.h; sourceTree = "<group>"; };
		CC4AA26824AA816C0025C805 /* Info.plist */ = {isa = PBXFileReference; lastKnownFileType = text.plist.xml; path = Info.plist; sourceTree = "<group>"; };
		CC4AA26D24AA816C0025C805 /* SAKECSTests.xctest */ = {isa = PBXFileReference; explicitFileType = wrapper.cfbundle; includeInIndex = 0; path = SAKECSTests.xctest; sourceTree = BUILT_PRODUCTS_DIR; };
		CC4AA27424AA816C0025C805 /* Info.plist */ = {isa = PBXFileReference; lastKnownFileType = text.plist.xml; path = Info.plist; sourceTree = "<group>"; };
		CC6024D825AAA15600841C71 /* EntityComponentChunkTests.swift */ = {isa = PBXFileReference; fileEncoding = 4; lastKnownFileType = sourcecode.swift; path = EntityComponentChunkTests.swift; sourceTree = "<group>"; };
		CC6024DE25AAA16900841C71 /* EntityComponentChunk.swift */ = {isa = PBXFileReference; fileEncoding = 4; lastKnownFileType = sourcecode.swift; path = EntityComponentChunk.swift; sourceTree = "<group>"; };
		CC6106F825A1213B001F120B /* ComponentMatrix.swift */ = {isa = PBXFileReference; lastKnownFileType = sourcecode.swift; path = ComponentMatrix.swift; sourceTree = "<group>"; };
		CC61070225A12162001F120B /* ComponentMatrixTests.swift */ = {isa = PBXFileReference; lastKnownFileType = sourcecode.swift; path = ComponentMatrixTests.swift; sourceTree = "<group>"; };
		CC61070C25A2522B001F120B /* ComponentRow.swift */ = {isa = PBXFileReference; lastKnownFileType = sourcecode.swift; path = ComponentRow.swift; sourceTree = "<group>"; };
		CC61071025A252CE001F120B /* ComponentRowTests.swift */ = {isa = PBXFileReference; lastKnownFileType = sourcecode.swift; path = ComponentRowTests.swift; sourceTree = "<group>"; };
		CC7E97DA2646504200BE66C2 /* ComponentArchetype.swift */ = {isa = PBXFileReference; lastKnownFileType = sourcecode.swift; path = ComponentArchetype.swift; sourceTree = "<group>"; };
		CC8CE53926755853004D999B /* AnyComponentRow.swift */ = {isa = PBXFileReference; lastKnownFileType = sourcecode.swift; path = AnyComponentRow.swift; sourceTree = "<group>"; };
		CC92451F2661DB3100FE344D /* MutableValueReference+ComponentBranch.swift */ = {isa = PBXFileReference; lastKnownFileType = sourcecode.swift; path = "MutableValueReference+ComponentBranch.swift"; sourceTree = "<group>"; };
		CC9245222662746E00FE344D /* WorldSystemService.swift */ = {isa = PBXFileReference; fileEncoding = 4; lastKnownFileType = sourcecode.swift; path = WorldSystemService.swift; sourceTree = "<group>"; };
		CC9245232662746E00FE344D /* WorldTagService.swift */ = {isa = PBXFileReference; fileEncoding = 4; lastKnownFileType = sourcecode.swift; path = WorldTagService.swift; sourceTree = "<group>"; };
		CC9245242662746E00FE344D /* WorldEntityService.swift */ = {isa = PBXFileReference; fileEncoding = 4; lastKnownFileType = sourcecode.swift; path = WorldEntityService.swift; sourceTree = "<group>"; };
		CC9ECB7C26768C4900DEBC20 /* ECSManager+Components.swift */ = {isa = PBXFileReference; lastKnownFileType = sourcecode.swift; path = "ECSManager+Components.swift"; sourceTree = "<group>"; };
		CC9ECB7E26768C6A00DEBC20 /* AnyEntityComponent+Components.swift */ = {isa = PBXFileReference; lastKnownFileType = sourcecode.swift; path = "AnyEntityComponent+Components.swift"; sourceTree = "<group>"; };
		CC9ECB8026768CA200DEBC20 /* StringComponent.swift */ = {isa = PBXFileReference; lastKnownFileType = sourcecode.swift; path = StringComponent.swift; sourceTree = "<group>"; };
		CC9ECB8226768CB500DEBC20 /* IntComponent.swift */ = {isa = PBXFileReference; lastKnownFileType = sourcecode.swift; path = IntComponent.swift; sourceTree = "<group>"; };
		CC9ECB8426768CC300DEBC20 /* BoolComponent.swift */ = {isa = PBXFileReference; lastKnownFileType = sourcecode.swift; path = BoolComponent.swift; sourceTree = "<group>"; };
		CC9ECB8C26768CE600DEBC20 /* NullComponent.swift */ = {isa = PBXFileReference; lastKnownFileType = sourcecode.swift; path = NullComponent.swift; sourceTree = "<group>"; };
		CC9ECB982676939100DEBC20 /* ComponentColumnIndex.swift */ = {isa = PBXFileReference; lastKnownFileType = sourcecode.swift; path = ComponentColumnIndex.swift; sourceTree = "<group>"; };
		CCADF7AA25DEAF21002974A8 /* WorldEntityComponentService.swift */ = {isa = PBXFileReference; lastKnownFileType = sourcecode.swift; path = WorldEntityComponentService.swift; sourceTree = "<group>"; };
		CCB9049B266725C900220563 /* ECSEventsTests.swift */ = {isa = PBXFileReference; lastKnownFileType = sourcecode.swift; path = ECSEventsTests.swift; sourceTree = "<group>"; };
		CCB9049E266725E600220563 /* ComponentFamilyID+Components.swift */ = {isa = PBXFileReference; lastKnownFileType = sourcecode.swift; path = "ComponentFamilyID+Components.swift"; sourceTree = "<group>"; };
		CCC1C15B23D78B0E0027CD2B /* CentralEventSystem.swift */ = {isa = PBXFileReference; fileEncoding = 4; lastKnownFileType = sourcecode.swift; path = CentralEventSystem.swift; sourceTree = "<group>"; };
		CCC1C15C23D78B0E0027CD2B /* EventSystem.swift */ = {isa = PBXFileReference; fileEncoding = 4; lastKnownFileType = sourcecode.swift; path = EventSystem.swift; sourceTree = "<group>"; };
		CCC1C15E23D78B0E0027CD2B /* EntityComponentEventSystem.swift */ = {isa = PBXFileReference; fileEncoding = 4; lastKnownFileType = sourcecode.swift; path = EntityComponentEventSystem.swift; sourceTree = "<group>"; };
		CCC1C15F23D78B0E0027CD2B /* EntityComponentSystem.swift */ = {isa = PBXFileReference; fileEncoding = 4; lastKnownFileType = sourcecode.swift; path = EntityComponentSystem.swift; sourceTree = "<group>"; };
		CCC1C16023D78B0E0027CD2B /* ComponentSystem.swift */ = {isa = PBXFileReference; fileEncoding = 4; lastKnownFileType = sourcecode.swift; path = ComponentSystem.swift; sourceTree = "<group>"; };
		CCC1C16423D78B0E0027CD2B /* EntitySystem+Tags.swift */ = {isa = PBXFileReference; fileEncoding = 4; lastKnownFileType = sourcecode.swift; path = "EntitySystem+Tags.swift"; sourceTree = "<group>"; };
		CCC1C16523D78B0E0027CD2B /* EntitySystem.swift */ = {isa = PBXFileReference; fileEncoding = 4; lastKnownFileType = sourcecode.swift; path = EntitySystem.swift; sourceTree = "<group>"; };
		CCC1C16623D78B0E0027CD2B /* EntitySystem+Entity.swift */ = {isa = PBXFileReference; fileEncoding = 4; lastKnownFileType = sourcecode.swift; path = "EntitySystem+Entity.swift"; sourceTree = "<group>"; };
		CCC1C16723D78B0E0027CD2B /* EntitySystem+RawRepresentableTags.swift */ = {isa = PBXFileReference; fileEncoding = 4; lastKnownFileType = sourcecode.swift; path = "EntitySystem+RawRepresentableTags.swift"; sourceTree = "<group>"; };
		CCC1C16923D78B0E0027CD2B /* EntityComponent.swift */ = {isa = PBXFileReference; fileEncoding = 4; lastKnownFileType = sourcecode.swift; path = EntityComponent.swift; sourceTree = "<group>"; };
		CCC1C16A23D78B0E0027CD2B /* ContainedItems.swift */ = {isa = PBXFileReference; fileEncoding = 4; lastKnownFileType = sourcecode.swift; path = ContainedItems.swift; sourceTree = "<group>"; };
		CCC1C16B23D78B0E0027CD2B /* Entity.swift */ = {isa = PBXFileReference; fileEncoding = 4; lastKnownFileType = sourcecode.swift; path = Entity.swift; sourceTree = "<group>"; };
		CCC1C16C23D78B0E0027CD2B /* EntityQuery.swift */ = {isa = PBXFileReference; fileEncoding = 4; lastKnownFileType = sourcecode.swift; path = EntityQuery.swift; sourceTree = "<group>"; };
		CCC1C16E23D78B0E0027CD2B /* MetaEntity+Sythesized.swift */ = {isa = PBXFileReference; fileEncoding = 4; lastKnownFileType = sourcecode.swift; path = "MetaEntity+Sythesized.swift"; sourceTree = "<group>"; };
		CCC1C16F23D78B0E0027CD2B /* MetaEntity+Tags.swift */ = {isa = PBXFileReference; fileEncoding = 4; lastKnownFileType = sourcecode.swift; path = "MetaEntity+Tags.swift"; sourceTree = "<group>"; };
		CCC1C17023D78B0E0027CD2B /* MetaEntity.swift */ = {isa = PBXFileReference; fileEncoding = 4; lastKnownFileType = sourcecode.swift; path = MetaEntity.swift; sourceTree = "<group>"; };
		CCC1C17123D78B0E0027CD2B /* MetaEntity+Components.swift */ = {isa = PBXFileReference; fileEncoding = 4; lastKnownFileType = sourcecode.swift; path = "MetaEntity+Components.swift"; sourceTree = "<group>"; };
		CCC1C17323D78B0E0027CD2B /* EntityTag.swift */ = {isa = PBXFileReference; fileEncoding = 4; lastKnownFileType = sourcecode.swift; path = EntityTag.swift; sourceTree = "<group>"; };
		CCC1C17723D78B0E0027CD2B /* ECSManager+Tags.swift */ = {isa = PBXFileReference; fileEncoding = 4; lastKnownFileType = sourcecode.swift; path = "ECSManager+Tags.swift"; sourceTree = "<group>"; };
		CCC1C17823D78B0E0027CD2B /* ECSManager.swift */ = {isa = PBXFileReference; fileEncoding = 4; lastKnownFileType = sourcecode.swift; path = ECSManager.swift; sourceTree = "<group>"; wrapsLines = 1; };
		CCC1C17923D78B0E0027CD2B /* ECSManager+Components.swift */ = {isa = PBXFileReference; fileEncoding = 4; lastKnownFileType = sourcecode.swift; path = "ECSManager+Components.swift"; sourceTree = "<group>"; };
		CCC1C17A23D78B0E0027CD2B /* ECSManager+Entities.swift */ = {isa = PBXFileReference; fileEncoding = 4; lastKnownFileType = sourcecode.swift; path = "ECSManager+Entities.swift"; sourceTree = "<group>"; };
		CCC1C17B23D78B0E0027CD2B /* ECSManager+Systems.swift */ = {isa = PBXFileReference; fileEncoding = 4; lastKnownFileType = sourcecode.swift; path = "ECSManager+Systems.swift"; sourceTree = "<group>"; };
		CCC1C1A523D78B600027CD2B /* ECSComponentTests.swift */ = {isa = PBXFileReference; fileEncoding = 4; lastKnownFileType = sourcecode.swift; path = ECSComponentTests.swift; sourceTree = "<group>"; };
		CCC1C1A623D78B600027CD2B /* ECSTagsTests.swift */ = {isa = PBXFileReference; fileEncoding = 4; lastKnownFileType = sourcecode.swift; path = ECSTagsTests.swift; sourceTree = "<group>"; };
		CCC1C1A723D78B600027CD2B /* SAKECSTests.swift */ = {isa = PBXFileReference; fileEncoding = 4; lastKnownFileType = sourcecode.swift; path = SAKECSTests.swift; sourceTree = "<group>"; };
		CCC1C1AC23D78BB00027CD2B /* SAKBase.framework */ = {isa = PBXFileReference; explicitFileType = wrapper.framework; path = SAKBase.framework; sourceTree = BUILT_PRODUCTS_DIR; };
		CCC1C1BB23D78C0F0027CD2B /* Jobs.md */ = {isa = PBXFileReference; fileEncoding = 4; lastKnownFileType = net.daringfireball.markdown; path = Jobs.md; sourceTree = "<group>"; };
		CCC1C1BC23D78C0F0027CD2B /* Systems.md */ = {isa = PBXFileReference; fileEncoding = 4; lastKnownFileType = net.daringfireball.markdown; path = Systems.md; sourceTree = "<group>"; };
		CCC1C1BD23D78C0F0027CD2B /* Design.md */ = {isa = PBXFileReference; fileEncoding = 4; lastKnownFileType = net.daringfireball.markdown; path = Design.md; sourceTree = "<group>"; };
		CCC1C1BF23D78C0F0027CD2B /* EntitiesWithTypes.jpg */ = {isa = PBXFileReference; lastKnownFileType = image.jpeg; path = EntitiesWithTypes.jpg; sourceTree = "<group>"; };
		CCC4ADD3263F810600B4D0BE /* ECSManagerComposer.swift */ = {isa = PBXFileReference; lastKnownFileType = sourcecode.swift; path = ECSManagerComposer.swift; sourceTree = "<group>"; };
		CCC4E80825A0050700E0EAFD /* README.md */ = {isa = PBXFileReference; lastKnownFileType = net.daringfireball.markdown; path = README.md; sourceTree = "<group>"; };
		CCF2E025267436A50021A569 /* ComponentRowProtocol.swift */ = {isa = PBXFileReference; lastKnownFileType = sourcecode.swift; path = ComponentRowProtocol.swift; sourceTree = "<group>"; };
		CCF2E027267438000021A569 /* ComponentRow+ComponentRowProtocol.swift */ = {isa = PBXFileReference; lastKnownFileType = sourcecode.swift; path = "ComponentRow+ComponentRowProtocol.swift"; sourceTree = "<group>"; };
		CCFF976926350D2100B7DB30 /* ArchetypeTree.swift */ = {isa = PBXFileReference; lastKnownFileType = sourcecode.swift; path = ArchetypeTree.swift; sourceTree = "<group>"; };
		CCFF9774263529BD00B7DB30 /* ECSManagerComponentSystem.swift */ = {isa = PBXFileReference; lastKnownFileType = sourcecode.swift; path = ECSManagerComponentSystem.swift; sourceTree = "<group>"; wrapsLines = 1; };
/* End PBXFileReference section */

/* Begin PBXFrameworksBuildPhase section */
		CC4AA26224AA816C0025C805 /* Frameworks */ = {
			isa = PBXFrameworksBuildPhase;
			buildActionMask = 2147483647;
			files = (
				CC2ABD0E267440A4003C34B7 /* SAKBase in Frameworks */,
			);
			runOnlyForDeploymentPostprocessing = 0;
		};
		CC4AA26A24AA816C0025C805 /* Frameworks */ = {
			isa = PBXFrameworksBuildPhase;
			buildActionMask = 2147483647;
			files = (
				CC4AA26E24AA816C0025C805 /* SAKECS.framework in Frameworks */,
			);
			runOnlyForDeploymentPostprocessing = 0;
		};
/* End PBXFrameworksBuildPhase section */

/* Begin PBXGroup section */
		CC2ABD0B26743FC8003C34B7 /* Packages */ = {
			isa = PBXGroup;
			children = (
				CC2ABD0C26743FC8003C34B7 /* SAKBase */,
			);
			name = Packages;
			sourceTree = "<group>";
		};
		CC2DFB702676824900DB1841 /* AnyEntityComponentExtensions */ = {
			isa = PBXGroup;
			children = (
				CC2DFB6E267681B500DB1841 /* ECSManager+AnyEntityComponent.swift */,
				CC2DFB712676827300DB1841 /* ComponentBranch+AnyEntityComponent.swift */,
				CC2DFB732676828D00DB1841 /* ComponentMatrix+AnyEntityComponent.swift */,
			);
			path = AnyEntityComponentExtensions;
			sourceTree = "<group>";
		};
		CC2DFB752676836500DB1841 /* ComponentRow */ = {
			isa = PBXGroup;
			children = (
				CC8CE53926755853004D999B /* AnyComponentRow.swift */,
				CC61070C25A2522B001F120B /* ComponentRow.swift */,
				CC9ECB982676939100DEBC20 /* ComponentColumnIndex.swift */,
				CCF2E027267438000021A569 /* ComponentRow+ComponentRowProtocol.swift */,
			);
			path = ComponentRow;
			sourceTree = "<group>";
		};
		CC4AA25E24AA811D0025C805 /* SAKECS */ = {
			isa = PBXGroup;
			children = (
				CC4AA26724AA816C0025C805 /* SAKECS.h */,
				CCC4E83525A0079B00E0EAFD /* Structure */,
				CCC1C15923D78B0E0027CD2B /* CoreSystems */,
				CCC1C16823D78B0E0027CD2B /* Types */,
				CCC1C17623D78B0E0027CD2B /* ECSManager */,
			);
			path = SAKECS;
			sourceTree = "<group>";
		};
		CC4AA25F24AA813E0025C805 /* Tests */ = {
			isa = PBXGroup;
			children = (
				CC4AA27424AA816C0025C805 /* Info.plist */,
				CCC1C19B23D78B2E0027CD2B /* SAKECSTests */,
			);
			path = Tests;
			sourceTree = "<group>";
		};
		CC92451E2661DB0F00FE344D /* MutableValueRefExtensions */ = {
			isa = PBXGroup;
			children = (
				CC92451F2661DB3100FE344D /* MutableValueReference+ComponentBranch.swift */,
				CC2ABD0F267448FD003C34B7 /* MutableValueReference+AnyComponentRow.swift */,
			);
			path = MutableValueRefExtensions;
			sourceTree = "<group>";
		};
		CC9245212662735700FE344D /* Services */ = {
			isa = PBXGroup;
			children = (
				CC9245242662746E00FE344D /* WorldEntityService.swift */,
				CC9245222662746E00FE344D /* WorldSystemService.swift */,
				CC9245232662746E00FE344D /* WorldTagService.swift */,
				CCADF7AA25DEAF21002974A8 /* WorldEntityComponentService.swift */,
			);
			path = Services;
			sourceTree = "<group>";
		};
		CCB9049D266725D500220563 /* Helpers */ = {
			isa = PBXGroup;
			children = (
				CCB9049E266725E600220563 /* ComponentFamilyID+Components.swift */,
				CC9ECB7E26768C6A00DEBC20 /* AnyEntityComponent+Components.swift */,
				CC9ECB7C26768C4900DEBC20 /* ECSManager+Components.swift */,
				CC9ECB8026768CA200DEBC20 /* StringComponent.swift */,
				CC9ECB8226768CB500DEBC20 /* IntComponent.swift */,
				CC9ECB8426768CC300DEBC20 /* BoolComponent.swift */,
				CC9ECB8C26768CE600DEBC20 /* NullComponent.swift */,
			);
			path = Helpers;
			sourceTree = "<group>";
		};
		CCC1C14323D78AC70027CD2B = {
			isa = PBXGroup;
			children = (
				CC2ABD0B26743FC8003C34B7 /* Packages */,
				CCC4E80825A0050700E0EAFD /* README.md */,
				CCC1C1BA23D78C0F0027CD2B /* Documentation */,
				CCC1C1BE23D78C0F0027CD2B /* Resources */,
				CCC1C15823D78B0E0027CD2B /* Sources */,
				CC4AA25F24AA813E0025C805 /* Tests */,
				CCC1C14E23D78AC70027CD2B /* Products */,
				CCC1C1AB23D78BB00027CD2B /* Frameworks */,
			);
			indentWidth = 2;
			sourceTree = "<group>";
			tabWidth = 2;
			usesTabs = 1;
			wrapsLines = 1;
		};
		CCC1C14E23D78AC70027CD2B /* Products */ = {
			isa = PBXGroup;
			children = (
				CC4AA26524AA816C0025C805 /* SAKECS.framework */,
				CC4AA26D24AA816C0025C805 /* SAKECSTests.xctest */,
			);
			name = Products;
			sourceTree = "<group>";
		};
		CCC1C15823D78B0E0027CD2B /* Sources */ = {
			isa = PBXGroup;
			children = (
				CC4AA26824AA816C0025C805 /* Info.plist */,
				CC4AA25E24AA811D0025C805 /* SAKECS */,
			);
			path = Sources;
			sourceTree = "<group>";
		};
		CCC1C15923D78B0E0027CD2B /* CoreSystems */ = {
			isa = PBXGroup;
			children = (
				CCC1C15A23D78B0E0027CD2B /* EventSystems */,
				CCC1C15D23D78B0E0027CD2B /* EntityComponentSystems */,
				CCC1C16323D78B0E0027CD2B /* EntitySystem */,
			);
			path = CoreSystems;
			sourceTree = "<group>";
		};
		CCC1C15A23D78B0E0027CD2B /* EventSystems */ = {
			isa = PBXGroup;
			children = (
				CCC1C15B23D78B0E0027CD2B /* CentralEventSystem.swift */,
				CCC1C15C23D78B0E0027CD2B /* EventSystem.swift */,
			);
			path = EventSystems;
			sourceTree = "<group>";
		};
		CCC1C15D23D78B0E0027CD2B /* EntityComponentSystems */ = {
			isa = PBXGroup;
			children = (
				CCC1C15E23D78B0E0027CD2B /* EntityComponentEventSystem.swift */,
				CCC1C15F23D78B0E0027CD2B /* EntityComponentSystem.swift */,
				CCC1C16023D78B0E0027CD2B /* ComponentSystem.swift */,
			);
			path = EntityComponentSystems;
			sourceTree = "<group>";
		};
		CCC1C16323D78B0E0027CD2B /* EntitySystem */ = {
			isa = PBXGroup;
			children = (
				CCC1C16423D78B0E0027CD2B /* EntitySystem+Tags.swift */,
				CCC1C16523D78B0E0027CD2B /* EntitySystem.swift */,
				CCC1C16623D78B0E0027CD2B /* EntitySystem+Entity.swift */,
				CCC1C16723D78B0E0027CD2B /* EntitySystem+RawRepresentableTags.swift */,
			);
			path = EntitySystem;
			sourceTree = "<group>";
		};
		CCC1C16823D78B0E0027CD2B /* Types */ = {
			isa = PBXGroup;
			children = (
				CC2DFB702676824900DB1841 /* AnyEntityComponentExtensions */,
				CC9245212662735700FE344D /* Services */,
				CC92451E2661DB0F00FE344D /* MutableValueRefExtensions */,
				CCC1C16923D78B0E0027CD2B /* EntityComponent.swift */,
				CCC1C16A23D78B0E0027CD2B /* ContainedItems.swift */,
				CC7E97DA2646504200BE66C2 /* ComponentArchetype.swift */,
				CCF2E025267436A50021A569 /* ComponentRowProtocol.swift */,
				CC2DFB6C267676E500DB1841 /* AnyEntityComponent.swift */,
				CCC1C16B23D78B0E0027CD2B /* Entity.swift */,
				CCC1C16C23D78B0E0027CD2B /* EntityQuery.swift */,
				CCC1C16D23D78B0E0027CD2B /* MetaEntity */,
				CCC1C17323D78B0E0027CD2B /* EntityTag.swift */,
				CC3322E025BD0D9C000978FD /* ArchetypeGroup.swift */,
			);
			path = Types;
			sourceTree = "<group>";
		};
		CCC1C16D23D78B0E0027CD2B /* MetaEntity */ = {
			isa = PBXGroup;
			children = (
				CCC1C16E23D78B0E0027CD2B /* MetaEntity+Sythesized.swift */,
				CCC1C16F23D78B0E0027CD2B /* MetaEntity+Tags.swift */,
				CCC1C17023D78B0E0027CD2B /* MetaEntity.swift */,
				CCC1C17123D78B0E0027CD2B /* MetaEntity+Components.swift */,
			);
			path = MetaEntity;
			sourceTree = "<group>";
		};
		CCC1C17623D78B0E0027CD2B /* ECSManager */ = {
			isa = PBXGroup;
			children = (
				CCFF97732635298400B7DB30 /* Old */,
				CCC1C17823D78B0E0027CD2B /* ECSManager.swift */,
				CCC1C17723D78B0E0027CD2B /* ECSManager+Tags.swift */,
				CCC1C17923D78B0E0027CD2B /* ECSManager+Components.swift */,
				CCC1C17A23D78B0E0027CD2B /* ECSManager+Entities.swift */,
				CCC1C17B23D78B0E0027CD2B /* ECSManager+Systems.swift */,
				CCC4ADD3263F810600B4D0BE /* ECSManagerComposer.swift */,
			);
			path = ECSManager;
			sourceTree = "<group>";
		};
		CCC1C19B23D78B2E0027CD2B /* SAKECSTests */ = {
			isa = PBXGroup;
			children = (
				CCB9049D266725D500220563 /* Helpers */,
				CCC4E84A25A1092500E0EAFD /* Structure */,
				CCC1C1A523D78B600027CD2B /* ECSComponentTests.swift */,
				CCC1C1A623D78B600027CD2B /* ECSTagsTests.swift */,
				CCC1C1A723D78B600027CD2B /* SAKECSTests.swift */,
				CCB9049B266725C900220563 /* ECSEventsTests.swift */,
			);
			path = SAKECSTests;
			sourceTree = "<group>";
		};
		CCC1C1AB23D78BB00027CD2B /* Frameworks */ = {
			isa = PBXGroup;
			children = (
				CCC1C1AC23D78BB00027CD2B /* SAKBase.framework */,
			);
			name = Frameworks;
			sourceTree = "<group>";
		};
		CCC1C1BA23D78C0F0027CD2B /* Documentation */ = {
			isa = PBXGroup;
			children = (
				CCC1C1BB23D78C0F0027CD2B /* Jobs.md */,
				CCC1C1BC23D78C0F0027CD2B /* Systems.md */,
				CCC1C1BD23D78C0F0027CD2B /* Design.md */,
			);
			path = Documentation;
			sourceTree = "<group>";
		};
		CCC1C1BE23D78C0F0027CD2B /* Resources */ = {
			isa = PBXGroup;
			children = (
				CCC1C1BF23D78C0F0027CD2B /* EntitiesWithTypes.jpg */,
			);
			path = Resources;
			sourceTree = "<group>";
		};
		CCC4E83525A0079B00E0EAFD /* Structure */ = {
			isa = PBXGroup;
			children = (
				CC6024DE25AAA16900841C71 /* EntityComponentChunk.swift */,
				CC3322DC25BD0825000978FD /* ArchetypeBranch.swift */,
				CC6106F825A1213B001F120B /* ComponentMatrix.swift */,
				CCFF976926350D2100B7DB30 /* ArchetypeTree.swift */,
				CC2DFB752676836500DB1841 /* ComponentRow */,
			);
			path = Structure;
			sourceTree = "<group>";
		};
		CCC4E84A25A1092500E0EAFD /* Structure */ = {
			isa = PBXGroup;
			children = (
				CC6024D825AAA15600841C71 /* EntityComponentChunkTests.swift */,
				CC61070225A12162001F120B /* ComponentMatrixTests.swift */,
				CC61071025A252CE001F120B /* ComponentRowTests.swift */,
				CC3322D825BD06F1000978FD /* ArchetypeBranchTests.swift */,
			);
			path = Structure;
			sourceTree = "<group>";
		};
		CCFF97732635298400B7DB30 /* Old */ = {
			isa = PBXGroup;
			children = (
				CCFF9774263529BD00B7DB30 /* ECSManagerComponentSystem.swift */,
			);
			path = Old;
			sourceTree = "<group>";
		};
/* End PBXGroup section */

/* Begin PBXHeadersBuildPhase section */
		CC4AA26024AA816C0025C805 /* Headers */ = {
			isa = PBXHeadersBuildPhase;
			buildActionMask = 2147483647;
			files = (
				CC4AA27524AA816C0025C805 /* SAKECS.h in Headers */,
			);
			runOnlyForDeploymentPostprocessing = 0;
		};
/* End PBXHeadersBuildPhase section */

/* Begin PBXNativeTarget section */
		CC4AA26424AA816C0025C805 /* SAKECS */ = {
			isa = PBXNativeTarget;
			buildConfigurationList = CC4AA27624AA816C0025C805 /* Build configuration list for PBXNativeTarget "SAKECS" */;
			buildPhases = (
				CC4AA26024AA816C0025C805 /* Headers */,
				CC4AA26124AA816C0025C805 /* Sources */,
				CC7BB11424C1EC9900EB2627 /* Swift-Lint */,
				CC4AA26224AA816C0025C805 /* Frameworks */,
				CC4AA26324AA816C0025C805 /* Resources */,
			);
			buildRules = (
			);
			dependencies = (
			);
			name = SAKECS;
			packageProductDependencies = (
				CC2ABD0D267440A4003C34B7 /* SAKBase */,
			);
			productName = SAKECS;
			productReference = CC4AA26524AA816C0025C805 /* SAKECS.framework */;
			productType = "com.apple.product-type.framework";
		};
		CC4AA26C24AA816C0025C805 /* SAKECSTests */ = {
			isa = PBXNativeTarget;
			buildConfigurationList = CC4AA27924AA816C0025C805 /* Build configuration list for PBXNativeTarget "SAKECSTests" */;
			buildPhases = (
				CC4AA26924AA816C0025C805 /* Sources */,
				CC7BB11524C1ECA700EB2627 /* Swift-Lint */,
				CC4AA26A24AA816C0025C805 /* Frameworks */,
				CC4AA26B24AA816C0025C805 /* Resources */,
			);
			buildRules = (
			);
			dependencies = (
				CC4AA27024AA816C0025C805 /* PBXTargetDependency */,
			);
			name = SAKECSTests;
			productName = SAKECSTests;
			productReference = CC4AA26D24AA816C0025C805 /* SAKECSTests.xctest */;
			productType = "com.apple.product-type.bundle.unit-test";
		};
/* End PBXNativeTarget section */

/* Begin PBXProject section */
		CCC1C14423D78AC70027CD2B /* Project object */ = {
			isa = PBXProject;
			attributes = {
				LastSwiftUpdateCheck = 1200;
				LastUpgradeCheck = 1200;
				ORGANIZATIONNAME = "Stephen Kac";
				TargetAttributes = {
					CC4AA26424AA816C0025C805 = {
						CreatedOnToolsVersion = 12.0;
					};
					CC4AA26C24AA816C0025C805 = {
						CreatedOnToolsVersion = 12.0;
					};
				};
			};
			buildConfigurationList = CCC1C14723D78AC70027CD2B /* Build configuration list for PBXProject "SAKECS" */;
			compatibilityVersion = "Xcode 9.3";
			developmentRegion = en;
			hasScannedForEncodings = 0;
			knownRegions = (
				en,
				Base,
			);
			mainGroup = CCC1C14323D78AC70027CD2B;
			packageReferences = (
			);
			productRefGroup = CCC1C14E23D78AC70027CD2B /* Products */;
			projectDirPath = "";
			projectRoot = "";
			targets = (
				CC4AA26424AA816C0025C805 /* SAKECS */,
				CC4AA26C24AA816C0025C805 /* SAKECSTests */,
			);
		};
/* End PBXProject section */

/* Begin PBXResourcesBuildPhase section */
		CC4AA26324AA816C0025C805 /* Resources */ = {
			isa = PBXResourcesBuildPhase;
			buildActionMask = 2147483647;
			files = (
			);
			runOnlyForDeploymentPostprocessing = 0;
		};
		CC4AA26B24AA816C0025C805 /* Resources */ = {
			isa = PBXResourcesBuildPhase;
			buildActionMask = 2147483647;
			files = (
			);
			runOnlyForDeploymentPostprocessing = 0;
		};
/* End PBXResourcesBuildPhase section */

/* Begin PBXShellScriptBuildPhase section */
		CC7BB11424C1EC9900EB2627 /* Swift-Lint */ = {
			isa = PBXShellScriptBuildPhase;
			buildActionMask = 2147483647;
			files = (
			);
			inputFileListPaths = (
			);
			inputPaths = (
			);
			name = "Swift-Lint";
			outputFileListPaths = (
			);
			outputPaths = (
			);
			runOnlyForDeploymentPostprocessing = 0;
			shellPath = /bin/sh;
			shellScript = "if which swiftlint >/dev/null; then\n  swiftlint\nelse\n  echo \"warning: SwiftLint not installed, download from https://github.com/realm/SwiftLint\"\nfi\n";
		};
		CC7BB11524C1ECA700EB2627 /* Swift-Lint */ = {
			isa = PBXShellScriptBuildPhase;
			buildActionMask = 2147483647;
			files = (
			);
			inputFileListPaths = (
			);
			inputPaths = (
			);
			name = "Swift-Lint";
			outputFileListPaths = (
			);
			outputPaths = (
			);
			runOnlyForDeploymentPostprocessing = 0;
			shellPath = /bin/sh;
			shellScript = "if which swiftlint >/dev/null; then\n  swiftlint\nelse\n  echo \"warning: SwiftLint not installed, download from https://github.com/realm/SwiftLint\"\nfi\n";
		};
/* End PBXShellScriptBuildPhase section */

/* Begin PBXSourcesBuildPhase section */
		CC4AA26124AA816C0025C805 /* Sources */ = {
			isa = PBXSourcesBuildPhase;
			buildActionMask = 2147483647;
			files = (
				CC7E97DB2646504200BE66C2 /* ComponentArchetype.swift in Sources */,
				CC4AA29224AA86660025C805 /* ContainedItems.swift in Sources */,
				CCADF7AB25DEAF21002974A8 /* WorldEntityComponentService.swift in Sources */,
				CC2DFB6F267681B500DB1841 /* ECSManager+AnyEntityComponent.swift in Sources */,
				CC8CE53A26755853004D999B /* AnyComponentRow.swift in Sources */,
				CCF2E026267436A50021A569 /* ComponentRowProtocol.swift in Sources */,
				CC4AA28B24AA81BF0025C805 /* EntitySystem+RawRepresentableTags.swift in Sources */,
				CC9245262662746E00FE344D /* WorldTagService.swift in Sources */,
				CC4AA28A24AA81BF0025C805 /* EntitySystem+Tags.swift in Sources */,
				CC4AA28224AA81BA0025C805 /* EntityComponentEventSystem.swift in Sources */,
				CCC4ADD4263F810600B4D0BE /* ECSManagerComposer.swift in Sources */,
				CC6106F925A1213B001F120B /* ComponentMatrix.swift in Sources */,
				CC2ABD10267448FD003C34B7 /* MutableValueReference+AnyComponentRow.swift in Sources */,
				CC4AA28124AA81BA0025C805 /* EntityComponentSystem.swift in Sources */,
				CCFF9775263529BD00B7DB30 /* ECSManagerComponentSystem.swift in Sources */,
				CC4AA29324AA86660025C805 /* EntityComponent.swift in Sources */,
				CCFF976A26350D2100B7DB30 /* ArchetypeTree.swift in Sources */,
				CC4AA29824AA86700025C805 /* ECSManager+Systems.swift in Sources */,
				CC6024E625AAA17D00841C71 /* EntityComponentChunk.swift in Sources */,
				CC61070D25A2522B001F120B /* ComponentRow.swift in Sources */,
				CC4AA29624AA86660025C805 /* EntityTag.swift in Sources */,
				CC9245272662746E00FE344D /* WorldEntityService.swift in Sources */,
				CC9ECB992676939100DEBC20 /* ComponentColumnIndex.swift in Sources */,
				CC4AA27F24AA81B60025C805 /* EventSystem.swift in Sources */,
				CC4AA29524AA86660025C805 /* Entity.swift in Sources */,
				CC2DFB742676828D00DB1841 /* ComponentMatrix+AnyEntityComponent.swift in Sources */,
				CC4AA28924AA81BF0025C805 /* EntitySystem+Entity.swift in Sources */,
				CC4AA29A24AA86700025C805 /* ECSManager+Components.swift in Sources */,
				CC4AA28824AA81BF0025C805 /* EntitySystem.swift in Sources */,
				CC4AA29024AA865E0025C805 /* MetaEntity+Components.swift in Sources */,
				CC4AA28F24AA865E0025C805 /* MetaEntity+Sythesized.swift in Sources */,
				CC2DFB722676827300DB1841 /* ComponentBranch+AnyEntityComponent.swift in Sources */,
				CC9245202661DB3100FE344D /* MutableValueReference+ComponentBranch.swift in Sources */,
				CC3322DD25BD0825000978FD /* ArchetypeBranch.swift in Sources */,
				CC9245252662746E00FE344D /* WorldSystemService.swift in Sources */,
				CC4AA28024AA81B60025C805 /* CentralEventSystem.swift in Sources */,
				CC4AA28324AA81BA0025C805 /* ComponentSystem.swift in Sources */,
				CC4AA29924AA86700025C805 /* ECSManager+Entities.swift in Sources */,
				CCF2E028267438000021A569 /* ComponentRow+ComponentRowProtocol.swift in Sources */,
				CC4AA28E24AA865E0025C805 /* MetaEntity.swift in Sources */,
				CC4AA29724AA86700025C805 /* ECSManager+Tags.swift in Sources */,
				CC2DFB6D267676E500DB1841 /* AnyEntityComponent.swift in Sources */,
				CC4AA29124AA865E0025C805 /* MetaEntity+Tags.swift in Sources */,
				CC3322E125BD0D9C000978FD /* ArchetypeGroup.swift in Sources */,
				CC4AA29B24AA86700025C805 /* ECSManager.swift in Sources */,
				CC4AA29424AA86660025C805 /* EntityQuery.swift in Sources */,
			);
			runOnlyForDeploymentPostprocessing = 0;
		};
		CC4AA26924AA816C0025C805 /* Sources */ = {
			isa = PBXSourcesBuildPhase;
			buildActionMask = 2147483647;
			files = (
				CC9ECB9026768D4800DEBC20 /* NullComponent.swift in Sources */,
				CC61071125A252CE001F120B /* ComponentRowTests.swift in Sources */,
				CC9ECB8F26768D4800DEBC20 /* IntComponent.swift in Sources */,
				CC9ECB9426768D4800DEBC20 /* AnyEntityComponent+Components.swift in Sources */,
				CC4AA27E24AA81AD0025C805 /* ECSComponentTests.swift in Sources */,
				CC9ECB9526768D4800DEBC20 /* BoolComponent.swift in Sources */,
				CC9ECB9326768D4800DEBC20 /* ComponentFamilyID+Components.swift in Sources */,
				CC9ECB9126768D4800DEBC20 /* ECSManager+Components.swift in Sources */,
				CC4AA27C24AA81AD0025C805 /* ECSTagsTests.swift in Sources */,
				CC9ECB9226768D4800DEBC20 /* StringComponent.swift in Sources */,
				CC6024D925AAA15600841C71 /* EntityComponentChunkTests.swift in Sources */,
				CCB9049C266725C900220563 /* ECSEventsTests.swift in Sources */,
				CC3322D925BD06F1000978FD /* ArchetypeBranchTests.swift in Sources */,
				CC61070325A12162001F120B /* ComponentMatrixTests.swift in Sources */,
				CC4AA27D24AA81AD0025C805 /* SAKECSTests.swift in Sources */,
			);
			runOnlyForDeploymentPostprocessing = 0;
		};
/* End PBXSourcesBuildPhase section */

/* Begin PBXTargetDependency section */
		CC4AA27024AA816C0025C805 /* PBXTargetDependency */ = {
			isa = PBXTargetDependency;
			target = CC4AA26424AA816C0025C805 /* SAKECS */;
			targetProxy = CC4AA26F24AA816C0025C805 /* PBXContainerItemProxy */;
		};
/* End PBXTargetDependency section */

/* Begin XCBuildConfiguration section */
		CC4AA27724AA816C0025C805 /* Debug */ = {
			isa = XCBuildConfiguration;
			buildSettings = {
				CLANG_WARN_QUOTED_INCLUDE_IN_FRAMEWORK_HEADER = YES;
				CODE_SIGN_STYLE = Automatic;
				CURRENT_PROJECT_VERSION = 3;
				DEFINES_MODULE = YES;
				DEVELOPMENT_TEAM = N3S44ULQD4;
				DYLIB_COMPATIBILITY_VERSION = 1;
				DYLIB_CURRENT_VERSION = 1;
				DYLIB_INSTALL_NAME_BASE = "@rpath";
				INFOPLIST_FILE = Sources/Info.plist;
				INSTALL_PATH = "$(LOCAL_LIBRARY_DIR)/Frameworks";
				LD_RUNPATH_SEARCH_PATHS = (
					"$(inherited)",
					"@executable_path/Frameworks",
					"@loader_path/Frameworks",
				);
				MARKETING_VERSION = 0.0.1;
				PRODUCT_BUNDLE_IDENTIFIER = "com.Stephen-Kac.SAKECS";
				PRODUCT_NAME = "$(TARGET_NAME:c99extidentifier)";
				SDKROOT = iphoneos;
				SKIP_INSTALL = YES;
				SWIFT_VERSION = 5.0;
				TARGETED_DEVICE_FAMILY = "1,2,6";
			};
			name = Debug;
		};
		CC4AA27824AA816C0025C805 /* Release */ = {
			isa = XCBuildConfiguration;
			buildSettings = {
				CLANG_WARN_QUOTED_INCLUDE_IN_FRAMEWORK_HEADER = YES;
				CODE_SIGN_STYLE = Automatic;
				CURRENT_PROJECT_VERSION = 3;
				DEFINES_MODULE = YES;
				DEVELOPMENT_TEAM = N3S44ULQD4;
				DYLIB_COMPATIBILITY_VERSION = 1;
				DYLIB_CURRENT_VERSION = 1;
				DYLIB_INSTALL_NAME_BASE = "@rpath";
				INFOPLIST_FILE = Sources/Info.plist;
				INSTALL_PATH = "$(LOCAL_LIBRARY_DIR)/Frameworks";
				LD_RUNPATH_SEARCH_PATHS = (
					"$(inherited)",
					"@executable_path/Frameworks",
					"@loader_path/Frameworks",
				);
				MARKETING_VERSION = 0.0.1;
				PRODUCT_BUNDLE_IDENTIFIER = "com.Stephen-Kac.SAKECS";
				PRODUCT_NAME = "$(TARGET_NAME:c99extidentifier)";
				SDKROOT = iphoneos;
				SKIP_INSTALL = YES;
				SWIFT_VERSION = 5.0;
				TARGETED_DEVICE_FAMILY = "1,2,6";
				VALIDATE_PRODUCT = YES;
			};
			name = Release;
		};
		CC4AA27A24AA816C0025C805 /* Debug */ = {
			isa = XCBuildConfiguration;
			buildSettings = {
				ALWAYS_EMBED_SWIFT_STANDARD_LIBRARIES = YES;
				CLANG_WARN_QUOTED_INCLUDE_IN_FRAMEWORK_HEADER = YES;
				CODE_SIGN_STYLE = Automatic;
				DEVELOPMENT_TEAM = N3S44ULQD4;
				INFOPLIST_FILE = Tests/Info.plist;
				LD_RUNPATH_SEARCH_PATHS = (
					"$(inherited)",
					"@executable_path/Frameworks",
					"@loader_path/Frameworks",
				);
				PRODUCT_BUNDLE_IDENTIFIER = "com.Stephen-Kac.SAKECSTests";
				PRODUCT_NAME = "$(TARGET_NAME)";
				SDKROOT = iphoneos;
				SWIFT_VERSION = 5.0;
				TARGETED_DEVICE_FAMILY = "1,2";
			};
			name = Debug;
		};
		CC4AA27B24AA816C0025C805 /* Release */ = {
			isa = XCBuildConfiguration;
			buildSettings = {
				ALWAYS_EMBED_SWIFT_STANDARD_LIBRARIES = YES;
				CLANG_WARN_QUOTED_INCLUDE_IN_FRAMEWORK_HEADER = YES;
				CODE_SIGN_STYLE = Automatic;
				DEVELOPMENT_TEAM = N3S44ULQD4;
				INFOPLIST_FILE = Tests/Info.plist;
				LD_RUNPATH_SEARCH_PATHS = (
					"$(inherited)",
					"@executable_path/Frameworks",
					"@loader_path/Frameworks",
				);
				PRODUCT_BUNDLE_IDENTIFIER = "com.Stephen-Kac.SAKECSTests";
				PRODUCT_NAME = "$(TARGET_NAME)";
				SDKROOT = iphoneos;
				SWIFT_VERSION = 5.0;
				TARGETED_DEVICE_FAMILY = "1,2";
				VALIDATE_PRODUCT = YES;
			};
			name = Release;
		};
		CCC1C15323D78AC70027CD2B /* Debug */ = {
			isa = XCBuildConfiguration;
			buildSettings = {
				ALWAYS_SEARCH_USER_PATHS = NO;
				CLANG_ANALYZER_NONNULL = YES;
				CLANG_ANALYZER_NUMBER_OBJECT_CONVERSION = YES_AGGRESSIVE;
				CLANG_CXX_LANGUAGE_STANDARD = "gnu++14";
				CLANG_CXX_LIBRARY = "libc++";
				CLANG_ENABLE_MODULES = YES;
				CLANG_ENABLE_OBJC_ARC = YES;
				CLANG_ENABLE_OBJC_WEAK = YES;
				CLANG_WARN_BLOCK_CAPTURE_AUTORELEASING = YES;
				CLANG_WARN_BOOL_CONVERSION = YES;
				CLANG_WARN_COMMA = YES;
				CLANG_WARN_CONSTANT_CONVERSION = YES;
				CLANG_WARN_DEPRECATED_OBJC_IMPLEMENTATIONS = YES;
				CLANG_WARN_DIRECT_OBJC_ISA_USAGE = YES_ERROR;
				CLANG_WARN_DOCUMENTATION_COMMENTS = YES;
				CLANG_WARN_EMPTY_BODY = YES;
				CLANG_WARN_ENUM_CONVERSION = YES;
				CLANG_WARN_INFINITE_RECURSION = YES;
				CLANG_WARN_INT_CONVERSION = YES;
				CLANG_WARN_NON_LITERAL_NULL_CONVERSION = YES;
				CLANG_WARN_OBJC_IMPLICIT_RETAIN_SELF = YES;
				CLANG_WARN_OBJC_LITERAL_CONVERSION = YES;
				CLANG_WARN_OBJC_ROOT_CLASS = YES_ERROR;
				CLANG_WARN_QUOTED_INCLUDE_IN_FRAMEWORK_HEADER = YES;
				CLANG_WARN_RANGE_LOOP_ANALYSIS = YES;
				CLANG_WARN_STRICT_PROTOTYPES = YES;
				CLANG_WARN_SUSPICIOUS_MOVE = YES;
				CLANG_WARN_UNGUARDED_AVAILABILITY = YES_AGGRESSIVE;
				CLANG_WARN_UNREACHABLE_CODE = YES;
				CLANG_WARN__DUPLICATE_METHOD_MATCH = YES;
				COPY_PHASE_STRIP = NO;
				CURRENT_PROJECT_VERSION = 1;
				DEBUG_INFORMATION_FORMAT = dwarf;
				ENABLE_STRICT_OBJC_MSGSEND = YES;
				ENABLE_TESTABILITY = YES;
				GCC_C_LANGUAGE_STANDARD = gnu11;
				GCC_DYNAMIC_NO_PIC = NO;
				GCC_NO_COMMON_BLOCKS = YES;
				GCC_OPTIMIZATION_LEVEL = 0;
				GCC_PREPROCESSOR_DEFINITIONS = (
					"DEBUG=1",
					"$(inherited)",
				);
				GCC_WARN_64_TO_32_BIT_CONVERSION = YES;
				GCC_WARN_ABOUT_RETURN_TYPE = YES_ERROR;
				GCC_WARN_UNDECLARED_SELECTOR = YES;
				GCC_WARN_UNINITIALIZED_AUTOS = YES_AGGRESSIVE;
				GCC_WARN_UNUSED_FUNCTION = YES;
				GCC_WARN_UNUSED_VARIABLE = YES;
				IPHONEOS_DEPLOYMENT_TARGET = 14.5;
				MACOSX_DEPLOYMENT_TARGET = 11.0;
				MTL_ENABLE_DEBUG_INFO = INCLUDE_SOURCE;
				MTL_FAST_MATH = YES;
				ONLY_ACTIVE_ARCH = YES;
				SDKROOT = macosx;
				SUPPORTED_PLATFORMS = "macosx iphoneos appletvos watchos appletvsimulator iphonesimulator watchsimulator";
				SWIFT_ACTIVE_COMPILATION_CONDITIONS = DEBUG;
				SWIFT_OPTIMIZATION_LEVEL = "-Onone";
				TVOS_DEPLOYMENT_TARGET = 14.5;
				VERSIONING_SYSTEM = "apple-generic";
				VERSION_INFO_PREFIX = "";
				WATCHOS_DEPLOYMENT_TARGET = 7.5;
			};
			name = Debug;
		};
		CCC1C15423D78AC70027CD2B /* Release */ = {
			isa = XCBuildConfiguration;
			buildSettings = {
				ALWAYS_SEARCH_USER_PATHS = NO;
				CLANG_ANALYZER_NONNULL = YES;
				CLANG_ANALYZER_NUMBER_OBJECT_CONVERSION = YES_AGGRESSIVE;
				CLANG_CXX_LANGUAGE_STANDARD = "gnu++14";
				CLANG_CXX_LIBRARY = "libc++";
				CLANG_ENABLE_MODULES = YES;
				CLANG_ENABLE_OBJC_ARC = YES;
				CLANG_ENABLE_OBJC_WEAK = YES;
				CLANG_WARN_BLOCK_CAPTURE_AUTORELEASING = YES;
				CLANG_WARN_BOOL_CONVERSION = YES;
				CLANG_WARN_COMMA = YES;
				CLANG_WARN_CONSTANT_CONVERSION = YES;
				CLANG_WARN_DEPRECATED_OBJC_IMPLEMENTATIONS = YES;
				CLANG_WARN_DIRECT_OBJC_ISA_USAGE = YES_ERROR;
				CLANG_WARN_DOCUMENTATION_COMMENTS = YES;
				CLANG_WARN_EMPTY_BODY = YES;
				CLANG_WARN_ENUM_CONVERSION = YES;
				CLANG_WARN_INFINITE_RECURSION = YES;
				CLANG_WARN_INT_CONVERSION = YES;
				CLANG_WARN_NON_LITERAL_NULL_CONVERSION = YES;
				CLANG_WARN_OBJC_IMPLICIT_RETAIN_SELF = YES;
				CLANG_WARN_OBJC_LITERAL_CONVERSION = YES;
				CLANG_WARN_OBJC_ROOT_CLASS = YES_ERROR;
				CLANG_WARN_QUOTED_INCLUDE_IN_FRAMEWORK_HEADER = YES;
				CLANG_WARN_RANGE_LOOP_ANALYSIS = YES;
				CLANG_WARN_STRICT_PROTOTYPES = YES;
				CLANG_WARN_SUSPICIOUS_MOVE = YES;
				CLANG_WARN_UNGUARDED_AVAILABILITY = YES_AGGRESSIVE;
				CLANG_WARN_UNREACHABLE_CODE = YES;
				CLANG_WARN__DUPLICATE_METHOD_MATCH = YES;
				COPY_PHASE_STRIP = NO;
				CURRENT_PROJECT_VERSION = 1;
				DEBUG_INFORMATION_FORMAT = "dwarf-with-dsym";
				ENABLE_NS_ASSERTIONS = NO;
				ENABLE_STRICT_OBJC_MSGSEND = YES;
				GCC_C_LANGUAGE_STANDARD = gnu11;
				GCC_NO_COMMON_BLOCKS = YES;
				GCC_WARN_64_TO_32_BIT_CONVERSION = YES;
				GCC_WARN_ABOUT_RETURN_TYPE = YES_ERROR;
				GCC_WARN_UNDECLARED_SELECTOR = YES;
				GCC_WARN_UNINITIALIZED_AUTOS = YES_AGGRESSIVE;
				GCC_WARN_UNUSED_FUNCTION = YES;
				GCC_WARN_UNUSED_VARIABLE = YES;
				IPHONEOS_DEPLOYMENT_TARGET = 14.5;
				MACOSX_DEPLOYMENT_TARGET = 11.0;
				MTL_ENABLE_DEBUG_INFO = NO;
				MTL_FAST_MATH = YES;
				SDKROOT = macosx;
				SUPPORTED_PLATFORMS = "macosx iphoneos appletvos watchos appletvsimulator iphonesimulator watchsimulator";
				SWIFT_COMPILATION_MODE = wholemodule;
				SWIFT_OPTIMIZATION_LEVEL = "-O";
				TVOS_DEPLOYMENT_TARGET = 14.5;
				VERSIONING_SYSTEM = "apple-generic";
				VERSION_INFO_PREFIX = "";
				WATCHOS_DEPLOYMENT_TARGET = 7.5;
			};
			name = Release;
		};
/* End XCBuildConfiguration section */

/* Begin XCConfigurationList section */
		CC4AA27624AA816C0025C805 /* Build configuration list for PBXNativeTarget "SAKECS" */ = {
			isa = XCConfigurationList;
			buildConfigurations = (
				CC4AA27724AA816C0025C805 /* Debug */,
				CC4AA27824AA816C0025C805 /* Release */,
			);
			defaultConfigurationIsVisible = 0;
			defaultConfigurationName = Release;
		};
		CC4AA27924AA816C0025C805 /* Build configuration list for PBXNativeTarget "SAKECSTests" */ = {
			isa = XCConfigurationList;
			buildConfigurations = (
				CC4AA27A24AA816C0025C805 /* Debug */,
				CC4AA27B24AA816C0025C805 /* Release */,
			);
			defaultConfigurationIsVisible = 0;
			defaultConfigurationName = Release;
		};
		CCC1C14723D78AC70027CD2B /* Build configuration list for PBXProject "SAKECS" */ = {
			isa = XCConfigurationList;
			buildConfigurations = (
				CCC1C15323D78AC70027CD2B /* Debug */,
				CCC1C15423D78AC70027CD2B /* Release */,
			);
			defaultConfigurationIsVisible = 0;
			defaultConfigurationName = Release;
		};
/* End XCConfigurationList section */

/* Begin XCSwiftPackageProductDependency section */
		CC2ABD0D267440A4003C34B7 /* SAKBase */ = {
			isa = XCSwiftPackageProductDependency;
			productName = SAKBase;
		};
/* End XCSwiftPackageProductDependency section */
	};
	rootObject = CCC1C14423D78AC70027CD2B /* Project object */;
}
