// !$*UTF8*$!
{
	archiveVersion = 1;
	classes = {
	};
	objectVersion = 52;
	objects = {

/* Begin PBXBuildFile section */
		CC4AA26E24AA816C0025C805 /* SAKECS.framework in Frameworks */ = {isa = PBXBuildFile; fileRef = CC4AA26524AA816C0025C805 /* SAKECS.framework */; };
		CC4AA27524AA816C0025C805 /* SAKECS.h in Headers */ = {isa = PBXBuildFile; fileRef = CC4AA26724AA816C0025C805 /* SAKECS.h */; settings = {ATTRIBUTES = (Public, ); }; };
		CC4AA27C24AA81AD0025C805 /* ECSTagsTests.swift in Sources */ = {isa = PBXBuildFile; fileRef = CCC1C1A623D78B600027CD2B /* ECSTagsTests.swift */; };
		CC4AA27D24AA81AD0025C805 /* SAKECSTests.swift in Sources */ = {isa = PBXBuildFile; fileRef = CCC1C1A723D78B600027CD2B /* SAKECSTests.swift */; };
		CC4AA27E24AA81AD0025C805 /* ECSComponentTests.swift in Sources */ = {isa = PBXBuildFile; fileRef = CCC1C1A523D78B600027CD2B /* ECSComponentTests.swift */; };
		CC4AA27F24AA81B60025C805 /* EventSystem.swift in Sources */ = {isa = PBXBuildFile; fileRef = CCC1C15C23D78B0E0027CD2B /* EventSystem.swift */; };
		CC4AA28024AA81B60025C805 /* CentralEventSystem.swift in Sources */ = {isa = PBXBuildFile; fileRef = CCC1C15B23D78B0E0027CD2B /* CentralEventSystem.swift */; };
		CC4AA28124AA81BA0025C805 /* EntityComponentSystem.swift in Sources */ = {isa = PBXBuildFile; fileRef = CCC1C15F23D78B0E0027CD2B /* EntityComponentSystem.swift */; };
		CC4AA28224AA81BA0025C805 /* EntityComponentEventSystem.swift in Sources */ = {isa = PBXBuildFile; fileRef = CCC1C15E23D78B0E0027CD2B /* EntityComponentEventSystem.swift */; };
		CC4AA28324AA81BA0025C805 /* ComponentSystem.swift in Sources */ = {isa = PBXBuildFile; fileRef = CCC1C16023D78B0E0027CD2B /* ComponentSystem.swift */; };
		CC4AA28824AA81BF0025C805 /* EntitySystem.swift in Sources */ = {isa = PBXBuildFile; fileRef = CCC1C16523D78B0E0027CD2B /* EntitySystem.swift */; };
		CC4AA28924AA81BF0025C805 /* EntitySystem+Entity.swift in Sources */ = {isa = PBXBuildFile; fileRef = CCC1C16623D78B0E0027CD2B /* EntitySystem+Entity.swift */; };
		CC4AA28A24AA81BF0025C805 /* EntitySystem+Tags.swift in Sources */ = {isa = PBXBuildFile; fileRef = CCC1C16423D78B0E0027CD2B /* EntitySystem+Tags.swift */; };
		CC4AA28B24AA81BF0025C805 /* EntitySystem+RawRepresentableTags.swift in Sources */ = {isa = PBXBuildFile; fileRef = CCC1C16723D78B0E0027CD2B /* EntitySystem+RawRepresentableTags.swift */; };
		CC4AA28D24AA81FB0025C805 /* SAKBase in Frameworks */ = {isa = PBXBuildFile; productRef = CC4AA28C24AA81FB0025C805 /* SAKBase */; };
		CC4AA28E24AA865E0025C805 /* MetaEntity.swift in Sources */ = {isa = PBXBuildFile; fileRef = CCC1C17023D78B0E0027CD2B /* MetaEntity.swift */; };
		CC4AA28F24AA865E0025C805 /* MetaEntity+Sythesized.swift in Sources */ = {isa = PBXBuildFile; fileRef = CCC1C16E23D78B0E0027CD2B /* MetaEntity+Sythesized.swift */; };
		CC4AA29024AA865E0025C805 /* MetaEntity+Components.swift in Sources */ = {isa = PBXBuildFile; fileRef = CCC1C17123D78B0E0027CD2B /* MetaEntity+Components.swift */; };
		CC4AA29124AA865E0025C805 /* MetaEntity+Tags.swift in Sources */ = {isa = PBXBuildFile; fileRef = CCC1C16F23D78B0E0027CD2B /* MetaEntity+Tags.swift */; };
		CC4AA29224AA86660025C805 /* ContainedItems.swift in Sources */ = {isa = PBXBuildFile; fileRef = CCC1C16A23D78B0E0027CD2B /* ContainedItems.swift */; };
		CC4AA29324AA86660025C805 /* EntityComponent.swift in Sources */ = {isa = PBXBuildFile; fileRef = CCC1C16923D78B0E0027CD2B /* EntityComponent.swift */; };
		CC4AA29424AA86660025C805 /* EntityQuery.swift in Sources */ = {isa = PBXBuildFile; fileRef = CCC1C16C23D78B0E0027CD2B /* EntityQuery.swift */; };
		CC4AA29524AA86660025C805 /* Entity.swift in Sources */ = {isa = PBXBuildFile; fileRef = CCC1C16B23D78B0E0027CD2B /* Entity.swift */; };
		CC4AA29624AA86660025C805 /* EntityTag.swift in Sources */ = {isa = PBXBuildFile; fileRef = CCC1C17323D78B0E0027CD2B /* EntityTag.swift */; };
		CC4AA29724AA86700025C805 /* ECSManager+Tags.swift in Sources */ = {isa = PBXBuildFile; fileRef = CCC1C17723D78B0E0027CD2B /* ECSManager+Tags.swift */; };
		CC4AA29824AA86700025C805 /* ECSManager+Systems.swift in Sources */ = {isa = PBXBuildFile; fileRef = CCC1C17B23D78B0E0027CD2B /* ECSManager+Systems.swift */; };
		CC4AA29924AA86700025C805 /* ECSManager+Entities.swift in Sources */ = {isa = PBXBuildFile; fileRef = CCC1C17A23D78B0E0027CD2B /* ECSManager+Entities.swift */; };
		CC4AA29A24AA86700025C805 /* ECSManager+Components.swift in Sources */ = {isa = PBXBuildFile; fileRef = CCC1C17923D78B0E0027CD2B /* ECSManager+Components.swift */; };
		CC4AA29B24AA86700025C805 /* ECSManager.swift in Sources */ = {isa = PBXBuildFile; fileRef = CCC1C17823D78B0E0027CD2B /* ECSManager.swift */; };
/* End PBXBuildFile section */

/* Begin PBXContainerItemProxy section */
		CC4AA26F24AA816C0025C805 /* PBXContainerItemProxy */ = {
			isa = PBXContainerItemProxy;
			containerPortal = CCC1C14423D78AC70027CD2B /* Project object */;
			proxyType = 1;
			remoteGlobalIDString = CC4AA26424AA816C0025C805;
			remoteInfo = SAKECS;
		};
/* End PBXContainerItemProxy section */

/* Begin PBXFileReference section */
		CC4AA26524AA816C0025C805 /* SAKECS.framework */ = {isa = PBXFileReference; explicitFileType = wrapper.framework; includeInIndex = 0; path = SAKECS.framework; sourceTree = BUILT_PRODUCTS_DIR; };
		CC4AA26724AA816C0025C805 /* SAKECS.h */ = {isa = PBXFileReference; lastKnownFileType = sourcecode.c.h; path = SAKECS.h; sourceTree = "<group>"; };
		CC4AA26824AA816C0025C805 /* Info.plist */ = {isa = PBXFileReference; lastKnownFileType = text.plist.xml; path = Info.plist; sourceTree = "<group>"; };
		CC4AA26D24AA816C0025C805 /* SAKECSTests.xctest */ = {isa = PBXFileReference; explicitFileType = wrapper.cfbundle; includeInIndex = 0; path = SAKECSTests.xctest; sourceTree = BUILT_PRODUCTS_DIR; };
		CC4AA27424AA816C0025C805 /* Info.plist */ = {isa = PBXFileReference; lastKnownFileType = text.plist.xml; path = Info.plist; sourceTree = "<group>"; };
		CCC1C15B23D78B0E0027CD2B /* CentralEventSystem.swift */ = {isa = PBXFileReference; fileEncoding = 4; lastKnownFileType = sourcecode.swift; path = CentralEventSystem.swift; sourceTree = "<group>"; };
		CCC1C15C23D78B0E0027CD2B /* EventSystem.swift */ = {isa = PBXFileReference; fileEncoding = 4; lastKnownFileType = sourcecode.swift; path = EventSystem.swift; sourceTree = "<group>"; };
		CCC1C15E23D78B0E0027CD2B /* EntityComponentEventSystem.swift */ = {isa = PBXFileReference; fileEncoding = 4; lastKnownFileType = sourcecode.swift; path = EntityComponentEventSystem.swift; sourceTree = "<group>"; };
		CCC1C15F23D78B0E0027CD2B /* EntityComponentSystem.swift */ = {isa = PBXFileReference; fileEncoding = 4; lastKnownFileType = sourcecode.swift; path = EntityComponentSystem.swift; sourceTree = "<group>"; };
		CCC1C16023D78B0E0027CD2B /* ComponentSystem.swift */ = {isa = PBXFileReference; fileEncoding = 4; lastKnownFileType = sourcecode.swift; path = ComponentSystem.swift; sourceTree = "<group>"; };
		CCC1C16223D78B0E0027CD2B /* EntitySystem + Components.swift */ = {isa = PBXFileReference; fileEncoding = 4; lastKnownFileType = sourcecode.swift; path = "EntitySystem + Components.swift"; sourceTree = "<group>"; };
		CCC1C16423D78B0E0027CD2B /* EntitySystem+Tags.swift */ = {isa = PBXFileReference; fileEncoding = 4; lastKnownFileType = sourcecode.swift; path = "EntitySystem+Tags.swift"; sourceTree = "<group>"; };
		CCC1C16523D78B0E0027CD2B /* EntitySystem.swift */ = {isa = PBXFileReference; fileEncoding = 4; lastKnownFileType = sourcecode.swift; path = EntitySystem.swift; sourceTree = "<group>"; };
		CCC1C16623D78B0E0027CD2B /* EntitySystem+Entity.swift */ = {isa = PBXFileReference; fileEncoding = 4; lastKnownFileType = sourcecode.swift; path = "EntitySystem+Entity.swift"; sourceTree = "<group>"; };
		CCC1C16723D78B0E0027CD2B /* EntitySystem+RawRepresentableTags.swift */ = {isa = PBXFileReference; fileEncoding = 4; lastKnownFileType = sourcecode.swift; path = "EntitySystem+RawRepresentableTags.swift"; sourceTree = "<group>"; };
		CCC1C16923D78B0E0027CD2B /* EntityComponent.swift */ = {isa = PBXFileReference; fileEncoding = 4; lastKnownFileType = sourcecode.swift; path = EntityComponent.swift; sourceTree = "<group>"; };
		CCC1C16A23D78B0E0027CD2B /* ContainedItems.swift */ = {isa = PBXFileReference; fileEncoding = 4; lastKnownFileType = sourcecode.swift; path = ContainedItems.swift; sourceTree = "<group>"; };
		CCC1C16B23D78B0E0027CD2B /* Entity.swift */ = {isa = PBXFileReference; fileEncoding = 4; lastKnownFileType = sourcecode.swift; path = Entity.swift; sourceTree = "<group>"; };
		CCC1C16C23D78B0E0027CD2B /* EntityQuery.swift */ = {isa = PBXFileReference; fileEncoding = 4; lastKnownFileType = sourcecode.swift; path = EntityQuery.swift; sourceTree = "<group>"; };
		CCC1C16E23D78B0E0027CD2B /* MetaEntity+Sythesized.swift */ = {isa = PBXFileReference; fileEncoding = 4; lastKnownFileType = sourcecode.swift; path = "MetaEntity+Sythesized.swift"; sourceTree = "<group>"; };
		CCC1C16F23D78B0E0027CD2B /* MetaEntity+Tags.swift */ = {isa = PBXFileReference; fileEncoding = 4; lastKnownFileType = sourcecode.swift; path = "MetaEntity+Tags.swift"; sourceTree = "<group>"; };
		CCC1C17023D78B0E0027CD2B /* MetaEntity.swift */ = {isa = PBXFileReference; fileEncoding = 4; lastKnownFileType = sourcecode.swift; path = MetaEntity.swift; sourceTree = "<group>"; };
		CCC1C17123D78B0E0027CD2B /* MetaEntity+Components.swift */ = {isa = PBXFileReference; fileEncoding = 4; lastKnownFileType = sourcecode.swift; path = "MetaEntity+Components.swift"; sourceTree = "<group>"; };
		CCC1C17223D78B0E0027CD2B /* Group.swift */ = {isa = PBXFileReference; fileEncoding = 4; lastKnownFileType = sourcecode.swift; path = Group.swift; sourceTree = "<group>"; };
		CCC1C17323D78B0E0027CD2B /* EntityTag.swift */ = {isa = PBXFileReference; fileEncoding = 4; lastKnownFileType = sourcecode.swift; path = EntityTag.swift; sourceTree = "<group>"; };
		CCC1C17523D78B0E0027CD2B /* EntityAssemblage.swift */ = {isa = PBXFileReference; fileEncoding = 4; lastKnownFileType = sourcecode.swift; path = EntityAssemblage.swift; sourceTree = "<group>"; };
		CCC1C17723D78B0E0027CD2B /* ECSManager+Tags.swift */ = {isa = PBXFileReference; fileEncoding = 4; lastKnownFileType = sourcecode.swift; path = "ECSManager+Tags.swift"; sourceTree = "<group>"; };
		CCC1C17823D78B0E0027CD2B /* ECSManager.swift */ = {isa = PBXFileReference; fileEncoding = 4; lastKnownFileType = sourcecode.swift; path = ECSManager.swift; sourceTree = "<group>"; };
		CCC1C17923D78B0E0027CD2B /* ECSManager+Components.swift */ = {isa = PBXFileReference; fileEncoding = 4; lastKnownFileType = sourcecode.swift; path = "ECSManager+Components.swift"; sourceTree = "<group>"; };
		CCC1C17A23D78B0E0027CD2B /* ECSManager+Entities.swift */ = {isa = PBXFileReference; fileEncoding = 4; lastKnownFileType = sourcecode.swift; path = "ECSManager+Entities.swift"; sourceTree = "<group>"; };
		CCC1C17B23D78B0E0027CD2B /* ECSManager+Systems.swift */ = {isa = PBXFileReference; fileEncoding = 4; lastKnownFileType = sourcecode.swift; path = "ECSManager+Systems.swift"; sourceTree = "<group>"; };
		CCC1C1A523D78B600027CD2B /* ECSComponentTests.swift */ = {isa = PBXFileReference; fileEncoding = 4; lastKnownFileType = sourcecode.swift; path = ECSComponentTests.swift; sourceTree = "<group>"; };
		CCC1C1A623D78B600027CD2B /* ECSTagsTests.swift */ = {isa = PBXFileReference; fileEncoding = 4; lastKnownFileType = sourcecode.swift; path = ECSTagsTests.swift; sourceTree = "<group>"; };
		CCC1C1A723D78B600027CD2B /* SAKECSTests.swift */ = {isa = PBXFileReference; fileEncoding = 4; lastKnownFileType = sourcecode.swift; path = SAKECSTests.swift; sourceTree = "<group>"; };
		CCC1C1AC23D78BB00027CD2B /* SAKBase.framework */ = {isa = PBXFileReference; explicitFileType = wrapper.framework; path = SAKBase.framework; sourceTree = BUILT_PRODUCTS_DIR; };
		CCC1C1BB23D78C0F0027CD2B /* Jobs.md */ = {isa = PBXFileReference; fileEncoding = 4; lastKnownFileType = net.daringfireball.markdown; path = Jobs.md; sourceTree = "<group>"; };
		CCC1C1BC23D78C0F0027CD2B /* Systems.md */ = {isa = PBXFileReference; fileEncoding = 4; lastKnownFileType = net.daringfireball.markdown; path = Systems.md; sourceTree = "<group>"; };
		CCC1C1BD23D78C0F0027CD2B /* Design.md */ = {isa = PBXFileReference; fileEncoding = 4; lastKnownFileType = net.daringfireball.markdown; path = Design.md; sourceTree = "<group>"; };
		CCC1C1BF23D78C0F0027CD2B /* EntitiesWithTypes.jpg */ = {isa = PBXFileReference; lastKnownFileType = image.jpeg; path = EntitiesWithTypes.jpg; sourceTree = "<group>"; };
/* End PBXFileReference section */

/* Begin PBXFrameworksBuildPhase section */
		CC4AA26224AA816C0025C805 /* Frameworks */ = {
			isa = PBXFrameworksBuildPhase;
			buildActionMask = 2147483647;
			files = (
				CC4AA28D24AA81FB0025C805 /* SAKBase in Frameworks */,
			);
			runOnlyForDeploymentPostprocessing = 0;
		};
		CC4AA26A24AA816C0025C805 /* Frameworks */ = {
			isa = PBXFrameworksBuildPhase;
			buildActionMask = 2147483647;
			files = (
				CC4AA26E24AA816C0025C805 /* SAKECS.framework in Frameworks */,
			);
			runOnlyForDeploymentPostprocessing = 0;
		};
/* End PBXFrameworksBuildPhase section */

/* Begin PBXGroup section */
		CC4AA25E24AA811D0025C805 /* SAKECS */ = {
			isa = PBXGroup;
			children = (
				CC4AA26724AA816C0025C805 /* SAKECS.h */,
				CCC1C15923D78B0E0027CD2B /* CoreSystems */,
				CCC1C16823D78B0E0027CD2B /* Types */,
				CCC1C17623D78B0E0027CD2B /* ECSManager */,
			);
			path = SAKECS;
			sourceTree = "<group>";
		};
		CC4AA25F24AA813E0025C805 /* Tests */ = {
			isa = PBXGroup;
			children = (
				CC4AA27424AA816C0025C805 /* Info.plist */,
				CCC1C19B23D78B2E0027CD2B /* SAKECSTests */,
			);
			path = Tests;
			sourceTree = "<group>";
		};
		CCC1C14323D78AC70027CD2B = {
			isa = PBXGroup;
			children = (
				CCC1C17423D78B0E0027CD2B /* Unimplemented */,
				CCC1C1BA23D78C0F0027CD2B /* Documentation */,
				CCC1C1BE23D78C0F0027CD2B /* Resources */,
				CCC1C15823D78B0E0027CD2B /* Sources */,
				CC4AA25F24AA813E0025C805 /* Tests */,
				CCC1C14E23D78AC70027CD2B /* Products */,
				CCC1C1AB23D78BB00027CD2B /* Frameworks */,
			);
			sourceTree = "<group>";
		};
		CCC1C14E23D78AC70027CD2B /* Products */ = {
			isa = PBXGroup;
			children = (
				CC4AA26524AA816C0025C805 /* SAKECS.framework */,
				CC4AA26D24AA816C0025C805 /* SAKECSTests.xctest */,
			);
			name = Products;
			sourceTree = "<group>";
		};
		CCC1C15823D78B0E0027CD2B /* Sources */ = {
			isa = PBXGroup;
			children = (
				CC4AA26824AA816C0025C805 /* Info.plist */,
				CC4AA25E24AA811D0025C805 /* SAKECS */,
			);
			path = Sources;
			sourceTree = "<group>";
		};
		CCC1C15923D78B0E0027CD2B /* CoreSystems */ = {
			isa = PBXGroup;
			children = (
				CCC1C15A23D78B0E0027CD2B /* EventSystems */,
				CCC1C15D23D78B0E0027CD2B /* EntityComponentSystems */,
				CCC1C16123D78B0E0027CD2B /* Systems */,
				CCC1C16323D78B0E0027CD2B /* EntitySystem */,
			);
			path = CoreSystems;
			sourceTree = "<group>";
		};
		CCC1C15A23D78B0E0027CD2B /* EventSystems */ = {
			isa = PBXGroup;
			children = (
				CCC1C15B23D78B0E0027CD2B /* CentralEventSystem.swift */,
				CCC1C15C23D78B0E0027CD2B /* EventSystem.swift */,
			);
			path = EventSystems;
			sourceTree = "<group>";
		};
		CCC1C15D23D78B0E0027CD2B /* EntityComponentSystems */ = {
			isa = PBXGroup;
			children = (
				CCC1C15E23D78B0E0027CD2B /* EntityComponentEventSystem.swift */,
				CCC1C15F23D78B0E0027CD2B /* EntityComponentSystem.swift */,
				CCC1C16023D78B0E0027CD2B /* ComponentSystem.swift */,
			);
			path = EntityComponentSystems;
			sourceTree = "<group>";
		};
		CCC1C16123D78B0E0027CD2B /* Systems */ = {
			isa = PBXGroup;
			children = (
			);
			path = Systems;
			sourceTree = "<group>";
		};
		CCC1C16323D78B0E0027CD2B /* EntitySystem */ = {
			isa = PBXGroup;
			children = (
				CCC1C16423D78B0E0027CD2B /* EntitySystem+Tags.swift */,
				CCC1C16523D78B0E0027CD2B /* EntitySystem.swift */,
				CCC1C16623D78B0E0027CD2B /* EntitySystem+Entity.swift */,
				CCC1C16723D78B0E0027CD2B /* EntitySystem+RawRepresentableTags.swift */,
			);
			path = EntitySystem;
			sourceTree = "<group>";
		};
		CCC1C16823D78B0E0027CD2B /* Types */ = {
			isa = PBXGroup;
			children = (
				CCC1C16923D78B0E0027CD2B /* EntityComponent.swift */,
				CCC1C16A23D78B0E0027CD2B /* ContainedItems.swift */,
				CCC1C16B23D78B0E0027CD2B /* Entity.swift */,
				CCC1C16C23D78B0E0027CD2B /* EntityQuery.swift */,
				CCC1C16D23D78B0E0027CD2B /* MetaEntity */,
				CCC1C17323D78B0E0027CD2B /* EntityTag.swift */,
			);
			path = Types;
			sourceTree = "<group>";
		};
		CCC1C16D23D78B0E0027CD2B /* MetaEntity */ = {
			isa = PBXGroup;
			children = (
				CCC1C16E23D78B0E0027CD2B /* MetaEntity+Sythesized.swift */,
				CCC1C16F23D78B0E0027CD2B /* MetaEntity+Tags.swift */,
				CCC1C17023D78B0E0027CD2B /* MetaEntity.swift */,
				CCC1C17123D78B0E0027CD2B /* MetaEntity+Components.swift */,
			);
			path = MetaEntity;
			sourceTree = "<group>";
		};
		CCC1C17423D78B0E0027CD2B /* Unimplemented */ = {
			isa = PBXGroup;
			children = (
				CCC1C16223D78B0E0027CD2B /* EntitySystem + Components.swift */,
				CCC1C17223D78B0E0027CD2B /* Group.swift */,
				CCC1C17523D78B0E0027CD2B /* EntityAssemblage.swift */,
			);
			path = Unimplemented;
			sourceTree = "<group>";
		};
		CCC1C17623D78B0E0027CD2B /* ECSManager */ = {
			isa = PBXGroup;
			children = (
				CCC1C17723D78B0E0027CD2B /* ECSManager+Tags.swift */,
				CCC1C17823D78B0E0027CD2B /* ECSManager.swift */,
				CCC1C17923D78B0E0027CD2B /* ECSManager+Components.swift */,
				CCC1C17A23D78B0E0027CD2B /* ECSManager+Entities.swift */,
				CCC1C17B23D78B0E0027CD2B /* ECSManager+Systems.swift */,
			);
			path = ECSManager;
			sourceTree = "<group>";
		};
		CCC1C19B23D78B2E0027CD2B /* SAKECSTests */ = {
			isa = PBXGroup;
			children = (
				CCC1C1A523D78B600027CD2B /* ECSComponentTests.swift */,
				CCC1C1A623D78B600027CD2B /* ECSTagsTests.swift */,
				CCC1C1A723D78B600027CD2B /* SAKECSTests.swift */,
			);
			path = SAKECSTests;
			sourceTree = "<group>";
		};
		CCC1C1AB23D78BB00027CD2B /* Frameworks */ = {
			isa = PBXGroup;
			children = (
				CCC1C1AC23D78BB00027CD2B /* SAKBase.framework */,
			);
			name = Frameworks;
			sourceTree = "<group>";
		};
		CCC1C1BA23D78C0F0027CD2B /* Documentation */ = {
			isa = PBXGroup;
			children = (
				CCC1C1BB23D78C0F0027CD2B /* Jobs.md */,
				CCC1C1BC23D78C0F0027CD2B /* Systems.md */,
				CCC1C1BD23D78C0F0027CD2B /* Design.md */,
			);
			path = Documentation;
			sourceTree = "<group>";
		};
		CCC1C1BE23D78C0F0027CD2B /* Resources */ = {
			isa = PBXGroup;
			children = (
				CCC1C1BF23D78C0F0027CD2B /* EntitiesWithTypes.jpg */,
			);
			path = Resources;
			sourceTree = "<group>";
		};
/* End PBXGroup section */

/* Begin PBXHeadersBuildPhase section */
		CC4AA26024AA816C0025C805 /* Headers */ = {
			isa = PBXHeadersBuildPhase;
			buildActionMask = 2147483647;
			files = (
				CC4AA27524AA816C0025C805 /* SAKECS.h in Headers */,
			);
			runOnlyForDeploymentPostprocessing = 0;
		};
/* End PBXHeadersBuildPhase section */

/* Begin PBXNativeTarget section */
		CC4AA26424AA816C0025C805 /* SAKECS */ = {
			isa = PBXNativeTarget;
			buildConfigurationList = CC4AA27624AA816C0025C805 /* Build configuration list for PBXNativeTarget "SAKECS" */;
			buildPhases = (
				CC4AA26024AA816C0025C805 /* Headers */,
				CC4AA26124AA816C0025C805 /* Sources */,
				CC7BB11424C1EC9900EB2627 /* Swift-Lint */,
				CC4AA26224AA816C0025C805 /* Frameworks */,
				CC4AA26324AA816C0025C805 /* Resources */,
			);
			buildRules = (
			);
			dependencies = (
			);
			name = SAKECS;
			packageProductDependencies = (
				CC4AA28C24AA81FB0025C805 /* SAKBase */,
			);
			productName = SAKECS;
			productReference = CC4AA26524AA816C0025C805 /* SAKECS.framework */;
			productType = "com.apple.product-type.framework";
		};
		CC4AA26C24AA816C0025C805 /* SAKECSTests */ = {
			isa = PBXNativeTarget;
			buildConfigurationList = CC4AA27924AA816C0025C805 /* Build configuration list for PBXNativeTarget "SAKECSTests" */;
			buildPhases = (
				CC4AA26924AA816C0025C805 /* Sources */,
				CC7BB11524C1ECA700EB2627 /* Swift-Lint */,
				CC4AA26A24AA816C0025C805 /* Frameworks */,
				CC4AA26B24AA816C0025C805 /* Resources */,
			);
			buildRules = (
			);
			dependencies = (
				CC4AA27024AA816C0025C805 /* PBXTargetDependency */,
			);
			name = SAKECSTests;
			productName = SAKECSTests;
			productReference = CC4AA26D24AA816C0025C805 /* SAKECSTests.xctest */;
			productType = "com.apple.product-type.bundle.unit-test";
		};
/* End PBXNativeTarget section */

/* Begin PBXProject section */
		CCC1C14423D78AC70027CD2B /* Project object */ = {
			isa = PBXProject;
			attributes = {
				LastSwiftUpdateCheck = 1200;
				LastUpgradeCheck = 1200;
				ORGANIZATIONNAME = "Stephen Kac";
				TargetAttributes = {
					CC4AA26424AA816C0025C805 = {
						CreatedOnToolsVersion = 12.0;
					};
					CC4AA26C24AA816C0025C805 = {
						CreatedOnToolsVersion = 12.0;
					};
				};
			};
			buildConfigurationList = CCC1C14723D78AC70027CD2B /* Build configuration list for PBXProject "SAKECS" */;
			compatibilityVersion = "Xcode 9.3";
			developmentRegion = en;
			hasScannedForEncodings = 0;
			knownRegions = (
				en,
				Base,
			);
			mainGroup = CCC1C14323D78AC70027CD2B;
			packageReferences = (
				CC86A99324AA648000D06E0D /* XCRemoteSwiftPackageReference "SAKBase" */,
			);
			productRefGroup = CCC1C14E23D78AC70027CD2B /* Products */;
			projectDirPath = "";
			projectRoot = "";
			targets = (
				CC4AA26424AA816C0025C805 /* SAKECS */,
				CC4AA26C24AA816C0025C805 /* SAKECSTests */,
			);
		};
/* End PBXProject section */

/* Begin PBXResourcesBuildPhase section */
		CC4AA26324AA816C0025C805 /* Resources */ = {
			isa = PBXResourcesBuildPhase;
			buildActionMask = 2147483647;
			files = (
			);
			runOnlyForDeploymentPostprocessing = 0;
		};
		CC4AA26B24AA816C0025C805 /* Resources */ = {
			isa = PBXResourcesBuildPhase;
			buildActionMask = 2147483647;
			files = (
			);
			runOnlyForDeploymentPostprocessing = 0;
		};
/* End PBXResourcesBuildPhase section */

/* Begin PBXShellScriptBuildPhase section */
		CC7BB11424C1EC9900EB2627 /* Swift-Lint */ = {
			isa = PBXShellScriptBuildPhase;
			buildActionMask = 2147483647;
			files = (
			);
			inputFileListPaths = (
			);
			inputPaths = (
			);
			name = "Swift-Lint";
			outputFileListPaths = (
			);
			outputPaths = (
			);
			runOnlyForDeploymentPostprocessing = 0;
			shellPath = /bin/sh;
			shellScript = "if which swiftlint >/dev/null; then\n  swiftlint\nelse\n  echo \"warning: SwiftLint not installed, download from https://github.com/realm/SwiftLint\"\nfi\n";
		};
		CC7BB11524C1ECA700EB2627 /* Swift-Lint */ = {
			isa = PBXShellScriptBuildPhase;
			buildActionMask = 2147483647;
			files = (
			);
			inputFileListPaths = (
			);
			inputPaths = (
			);
			name = "Swift-Lint";
			outputFileListPaths = (
			);
			outputPaths = (
			);
			runOnlyForDeploymentPostprocessing = 0;
			shellPath = /bin/sh;
			shellScript = "if which swiftlint >/dev/null; then\n  swiftlint\nelse\n  echo \"warning: SwiftLint not installed, download from https://github.com/realm/SwiftLint\"\nfi\n";
		};
/* End PBXShellScriptBuildPhase section */

/* Begin PBXSourcesBuildPhase section */
		CC4AA26124AA816C0025C805 /* Sources */ = {
			isa = PBXSourcesBuildPhase;
			buildActionMask = 2147483647;
			files = (
				CC4AA29224AA86660025C805 /* ContainedItems.swift in Sources */,
				CC4AA28B24AA81BF0025C805 /* EntitySystem+RawRepresentableTags.swift in Sources */,
				CC4AA28A24AA81BF0025C805 /* EntitySystem+Tags.swift in Sources */,
				CC4AA28224AA81BA0025C805 /* EntityComponentEventSystem.swift in Sources */,
				CC4AA28124AA81BA0025C805 /* EntityComponentSystem.swift in Sources */,
				CC4AA29324AA86660025C805 /* EntityComponent.swift in Sources */,
				CC4AA29824AA86700025C805 /* ECSManager+Systems.swift in Sources */,
				CC4AA29624AA86660025C805 /* EntityTag.swift in Sources */,
				CC4AA27F24AA81B60025C805 /* EventSystem.swift in Sources */,
				CC4AA29524AA86660025C805 /* Entity.swift in Sources */,
				CC4AA28924AA81BF0025C805 /* EntitySystem+Entity.swift in Sources */,
				CC4AA29A24AA86700025C805 /* ECSManager+Components.swift in Sources */,
				CC4AA28824AA81BF0025C805 /* EntitySystem.swift in Sources */,
				CC4AA29024AA865E0025C805 /* MetaEntity+Components.swift in Sources */,
				CC4AA28F24AA865E0025C805 /* MetaEntity+Sythesized.swift in Sources */,
				CC4AA28024AA81B60025C805 /* CentralEventSystem.swift in Sources */,
				CC4AA28324AA81BA0025C805 /* ComponentSystem.swift in Sources */,
				CC4AA29924AA86700025C805 /* ECSManager+Entities.swift in Sources */,
				CC4AA28E24AA865E0025C805 /* MetaEntity.swift in Sources */,
				CC4AA29724AA86700025C805 /* ECSManager+Tags.swift in Sources */,
				CC4AA29124AA865E0025C805 /* MetaEntity+Tags.swift in Sources */,
				CC4AA29B24AA86700025C805 /* ECSManager.swift in Sources */,
				CC4AA29424AA86660025C805 /* EntityQuery.swift in Sources */,
			);
			runOnlyForDeploymentPostprocessing = 0;
		};
		CC4AA26924AA816C0025C805 /* Sources */ = {
			isa = PBXSourcesBuildPhase;
			buildActionMask = 2147483647;
			files = (
				CC4AA27E24AA81AD0025C805 /* ECSComponentTests.swift in Sources */,
				CC4AA27C24AA81AD0025C805 /* ECSTagsTests.swift in Sources */,
				CC4AA27D24AA81AD0025C805 /* SAKECSTests.swift in Sources */,
			);
			runOnlyForDeploymentPostprocessing = 0;
		};
/* End PBXSourcesBuildPhase section */

/* Begin PBXTargetDependency section */
		CC4AA27024AA816C0025C805 /* PBXTargetDependency */ = {
			isa = PBXTargetDependency;
			target = CC4AA26424AA816C0025C805 /* SAKECS */;
			targetProxy = CC4AA26F24AA816C0025C805 /* PBXContainerItemProxy */;
		};
/* End PBXTargetDependency section */

/* Begin XCBuildConfiguration section */
		CC4AA27724AA816C0025C805 /* Debug */ = {
			isa = XCBuildConfiguration;
			buildSettings = {
				CLANG_WARN_QUOTED_INCLUDE_IN_FRAMEWORK_HEADER = YES;
				CODE_SIGN_STYLE = Automatic;
				CURRENT_PROJECT_VERSION = 3;
				DEFINES_MODULE = YES;
				DEVELOPMENT_TEAM = N3S44ULQD4;
				DYLIB_COMPATIBILITY_VERSION = 1;
				DYLIB_CURRENT_VERSION = 1;
				DYLIB_INSTALL_NAME_BASE = "@rpath";
				INFOPLIST_FILE = Sources/Info.plist;
				INSTALL_PATH = "$(LOCAL_LIBRARY_DIR)/Frameworks";
				IPHONEOS_DEPLOYMENT_TARGET = 13.0;
				LD_RUNPATH_SEARCH_PATHS = (
					"$(inherited)",
					"@executable_path/Frameworks",
					"@loader_path/Frameworks",
				);
				MACOSX_DEPLOYMENT_TARGET = 10.15;
				MARKETING_VERSION = 0.0.1;
				PRODUCT_BUNDLE_IDENTIFIER = "com.Stephen-Kac.SAKECS";
				PRODUCT_NAME = "$(TARGET_NAME:c99extidentifier)";
				SDKROOT = iphoneos;
				SKIP_INSTALL = YES;
				SWIFT_VERSION = 5.0;
				TARGETED_DEVICE_FAMILY = "1,2,6";
			};
			name = Debug;
		};
		CC4AA27824AA816C0025C805 /* Release */ = {
			isa = XCBuildConfiguration;
			buildSettings = {
				CLANG_WARN_QUOTED_INCLUDE_IN_FRAMEWORK_HEADER = YES;
				CODE_SIGN_STYLE = Automatic;
				CURRENT_PROJECT_VERSION = 3;
				DEFINES_MODULE = YES;
				DEVELOPMENT_TEAM = N3S44ULQD4;
				DYLIB_COMPATIBILITY_VERSION = 1;
				DYLIB_CURRENT_VERSION = 1;
				DYLIB_INSTALL_NAME_BASE = "@rpath";
				INFOPLIST_FILE = Sources/Info.plist;
				INSTALL_PATH = "$(LOCAL_LIBRARY_DIR)/Frameworks";
				IPHONEOS_DEPLOYMENT_TARGET = 13.0;
				LD_RUNPATH_SEARCH_PATHS = (
					"$(inherited)",
					"@executable_path/Frameworks",
					"@loader_path/Frameworks",
				);
				MACOSX_DEPLOYMENT_TARGET = 10.15;
				MARKETING_VERSION = 0.0.1;
				PRODUCT_BUNDLE_IDENTIFIER = "com.Stephen-Kac.SAKECS";
				PRODUCT_NAME = "$(TARGET_NAME:c99extidentifier)";
				SDKROOT = iphoneos;
				SKIP_INSTALL = YES;
				SWIFT_VERSION = 5.0;
				TARGETED_DEVICE_FAMILY = "1,2,6";
				VALIDATE_PRODUCT = YES;
			};
			name = Release;
		};
		CC4AA27A24AA816C0025C805 /* Debug */ = {
			isa = XCBuildConfiguration;
			buildSettings = {
				ALWAYS_EMBED_SWIFT_STANDARD_LIBRARIES = YES;
				CLANG_WARN_QUOTED_INCLUDE_IN_FRAMEWORK_HEADER = YES;
				CODE_SIGN_STYLE = Automatic;
				DEVELOPMENT_TEAM = N3S44ULQD4;
				INFOPLIST_FILE = Tests/Info.plist;
				IPHONEOS_DEPLOYMENT_TARGET = 14.0;
				LD_RUNPATH_SEARCH_PATHS = (
					"$(inherited)",
					"@executable_path/Frameworks",
					"@loader_path/Frameworks",
				);
				MACOSX_DEPLOYMENT_TARGET = 10.15;
				PRODUCT_BUNDLE_IDENTIFIER = "com.Stephen-Kac.SAKECSTests";
				PRODUCT_NAME = "$(TARGET_NAME)";
				SDKROOT = iphoneos;
				SWIFT_VERSION = 5.0;
				TARGETED_DEVICE_FAMILY = "1,2";
			};
			name = Debug;
		};
		CC4AA27B24AA816C0025C805 /* Release */ = {
			isa = XCBuildConfiguration;
			buildSettings = {
				ALWAYS_EMBED_SWIFT_STANDARD_LIBRARIES = YES;
				CLANG_WARN_QUOTED_INCLUDE_IN_FRAMEWORK_HEADER = YES;
				CODE_SIGN_STYLE = Automatic;
				DEVELOPMENT_TEAM = N3S44ULQD4;
				INFOPLIST_FILE = Tests/Info.plist;
				IPHONEOS_DEPLOYMENT_TARGET = 14.0;
				LD_RUNPATH_SEARCH_PATHS = (
					"$(inherited)",
					"@executable_path/Frameworks",
					"@loader_path/Frameworks",
				);
				MACOSX_DEPLOYMENT_TARGET = 10.15;
				PRODUCT_BUNDLE_IDENTIFIER = "com.Stephen-Kac.SAKECSTests";
				PRODUCT_NAME = "$(TARGET_NAME)";
				SDKROOT = iphoneos;
				SWIFT_VERSION = 5.0;
				TARGETED_DEVICE_FAMILY = "1,2";
				VALIDATE_PRODUCT = YES;
			};
			name = Release;
		};
		CCC1C15323D78AC70027CD2B /* Debug */ = {
			isa = XCBuildConfiguration;
			buildSettings = {
				ALWAYS_SEARCH_USER_PATHS = NO;
				CLANG_ANALYZER_NONNULL = YES;
				CLANG_ANALYZER_NUMBER_OBJECT_CONVERSION = YES_AGGRESSIVE;
				CLANG_CXX_LANGUAGE_STANDARD = "gnu++14";
				CLANG_CXX_LIBRARY = "libc++";
				CLANG_ENABLE_MODULES = YES;
				CLANG_ENABLE_OBJC_ARC = YES;
				CLANG_ENABLE_OBJC_WEAK = YES;
				CLANG_WARN_BLOCK_CAPTURE_AUTORELEASING = YES;
				CLANG_WARN_BOOL_CONVERSION = YES;
				CLANG_WARN_COMMA = YES;
				CLANG_WARN_CONSTANT_CONVERSION = YES;
				CLANG_WARN_DEPRECATED_OBJC_IMPLEMENTATIONS = YES;
				CLANG_WARN_DIRECT_OBJC_ISA_USAGE = YES_ERROR;
				CLANG_WARN_DOCUMENTATION_COMMENTS = YES;
				CLANG_WARN_EMPTY_BODY = YES;
				CLANG_WARN_ENUM_CONVERSION = YES;
				CLANG_WARN_INFINITE_RECURSION = YES;
				CLANG_WARN_INT_CONVERSION = YES;
				CLANG_WARN_NON_LITERAL_NULL_CONVERSION = YES;
				CLANG_WARN_OBJC_IMPLICIT_RETAIN_SELF = YES;
				CLANG_WARN_OBJC_LITERAL_CONVERSION = YES;
				CLANG_WARN_OBJC_ROOT_CLASS = YES_ERROR;
				CLANG_WARN_QUOTED_INCLUDE_IN_FRAMEWORK_HEADER = YES;
				CLANG_WARN_RANGE_LOOP_ANALYSIS = YES;
				CLANG_WARN_STRICT_PROTOTYPES = YES;
				CLANG_WARN_SUSPICIOUS_MOVE = YES;
				CLANG_WARN_UNGUARDED_AVAILABILITY = YES_AGGRESSIVE;
				CLANG_WARN_UNREACHABLE_CODE = YES;
				CLANG_WARN__DUPLICATE_METHOD_MATCH = YES;
				COPY_PHASE_STRIP = NO;
				CURRENT_PROJECT_VERSION = 1;
				DEBUG_INFORMATION_FORMAT = dwarf;
				ENABLE_STRICT_OBJC_MSGSEND = YES;
				ENABLE_TESTABILITY = YES;
				GCC_C_LANGUAGE_STANDARD = gnu11;
				GCC_DYNAMIC_NO_PIC = NO;
				GCC_NO_COMMON_BLOCKS = YES;
				GCC_OPTIMIZATION_LEVEL = 0;
				GCC_PREPROCESSOR_DEFINITIONS = (
					"DEBUG=1",
					"$(inherited)",
				);
				GCC_WARN_64_TO_32_BIT_CONVERSION = YES;
				GCC_WARN_ABOUT_RETURN_TYPE = YES_ERROR;
				GCC_WARN_UNDECLARED_SELECTOR = YES;
				GCC_WARN_UNINITIALIZED_AUTOS = YES_AGGRESSIVE;
				GCC_WARN_UNUSED_FUNCTION = YES;
				GCC_WARN_UNUSED_VARIABLE = YES;
				MACOSX_DEPLOYMENT_TARGET = 10.14;
				MTL_ENABLE_DEBUG_INFO = INCLUDE_SOURCE;
				MTL_FAST_MATH = YES;
				ONLY_ACTIVE_ARCH = YES;
				SDKROOT = macosx;
				SUPPORTED_PLATFORMS = "macosx iphoneos appletvos watchos appletvsimulator iphonesimulator watchsimulator";
				SWIFT_ACTIVE_COMPILATION_CONDITIONS = DEBUG;
				SWIFT_OPTIMIZATION_LEVEL = "-Onone";
				VERSIONING_SYSTEM = "apple-generic";
				VERSION_INFO_PREFIX = "";
			};
			name = Debug;
		};
		CCC1C15423D78AC70027CD2B /* Release */ = {
			isa = XCBuildConfiguration;
			buildSettings = {
				ALWAYS_SEARCH_USER_PATHS = NO;
				CLANG_ANALYZER_NONNULL = YES;
				CLANG_ANALYZER_NUMBER_OBJECT_CONVERSION = YES_AGGRESSIVE;
				CLANG_CXX_LANGUAGE_STANDARD = "gnu++14";
				CLANG_CXX_LIBRARY = "libc++";
				CLANG_ENABLE_MODULES = YES;
				CLANG_ENABLE_OBJC_ARC = YES;
				CLANG_ENABLE_OBJC_WEAK = YES;
				CLANG_WARN_BLOCK_CAPTURE_AUTORELEASING = YES;
				CLANG_WARN_BOOL_CONVERSION = YES;
				CLANG_WARN_COMMA = YES;
				CLANG_WARN_CONSTANT_CONVERSION = YES;
				CLANG_WARN_DEPRECATED_OBJC_IMPLEMENTATIONS = YES;
				CLANG_WARN_DIRECT_OBJC_ISA_USAGE = YES_ERROR;
				CLANG_WARN_DOCUMENTATION_COMMENTS = YES;
				CLANG_WARN_EMPTY_BODY = YES;
				CLANG_WARN_ENUM_CONVERSION = YES;
				CLANG_WARN_INFINITE_RECURSION = YES;
				CLANG_WARN_INT_CONVERSION = YES;
				CLANG_WARN_NON_LITERAL_NULL_CONVERSION = YES;
				CLANG_WARN_OBJC_IMPLICIT_RETAIN_SELF = YES;
				CLANG_WARN_OBJC_LITERAL_CONVERSION = YES;
				CLANG_WARN_OBJC_ROOT_CLASS = YES_ERROR;
				CLANG_WARN_QUOTED_INCLUDE_IN_FRAMEWORK_HEADER = YES;
				CLANG_WARN_RANGE_LOOP_ANALYSIS = YES;
				CLANG_WARN_STRICT_PROTOTYPES = YES;
				CLANG_WARN_SUSPICIOUS_MOVE = YES;
				CLANG_WARN_UNGUARDED_AVAILABILITY = YES_AGGRESSIVE;
				CLANG_WARN_UNREACHABLE_CODE = YES;
				CLANG_WARN__DUPLICATE_METHOD_MATCH = YES;
				COPY_PHASE_STRIP = NO;
				CURRENT_PROJECT_VERSION = 1;
				DEBUG_INFORMATION_FORMAT = "dwarf-with-dsym";
				ENABLE_NS_ASSERTIONS = NO;
				ENABLE_STRICT_OBJC_MSGSEND = YES;
				GCC_C_LANGUAGE_STANDARD = gnu11;
				GCC_NO_COMMON_BLOCKS = YES;
				GCC_WARN_64_TO_32_BIT_CONVERSION = YES;
				GCC_WARN_ABOUT_RETURN_TYPE = YES_ERROR;
				GCC_WARN_UNDECLARED_SELECTOR = YES;
				GCC_WARN_UNINITIALIZED_AUTOS = YES_AGGRESSIVE;
				GCC_WARN_UNUSED_FUNCTION = YES;
				GCC_WARN_UNUSED_VARIABLE = YES;
				MACOSX_DEPLOYMENT_TARGET = 10.14;
				MTL_ENABLE_DEBUG_INFO = NO;
				MTL_FAST_MATH = YES;
				SDKROOT = macosx;
				SUPPORTED_PLATFORMS = "macosx iphoneos appletvos watchos appletvsimulator iphonesimulator watchsimulator";
				SWIFT_COMPILATION_MODE = wholemodule;
				SWIFT_OPTIMIZATION_LEVEL = "-O";
				VERSIONING_SYSTEM = "apple-generic";
				VERSION_INFO_PREFIX = "";
			};
			name = Release;
		};
/* End XCBuildConfiguration section */

/* Begin XCConfigurationList section */
		CC4AA27624AA816C0025C805 /* Build configuration list for PBXNativeTarget "SAKECS" */ = {
			isa = XCConfigurationList;
			buildConfigurations = (
				CC4AA27724AA816C0025C805 /* Debug */,
				CC4AA27824AA816C0025C805 /* Release */,
			);
			defaultConfigurationIsVisible = 0;
			defaultConfigurationName = Release;
		};
		CC4AA27924AA816C0025C805 /* Build configuration list for PBXNativeTarget "SAKECSTests" */ = {
			isa = XCConfigurationList;
			buildConfigurations = (
				CC4AA27A24AA816C0025C805 /* Debug */,
				CC4AA27B24AA816C0025C805 /* Release */,
			);
			defaultConfigurationIsVisible = 0;
			defaultConfigurationName = Release;
		};
		CCC1C14723D78AC70027CD2B /* Build configuration list for PBXProject "SAKECS" */ = {
			isa = XCConfigurationList;
			buildConfigurations = (
				CCC1C15323D78AC70027CD2B /* Debug */,
				CCC1C15423D78AC70027CD2B /* Release */,
			);
			defaultConfigurationIsVisible = 0;
			defaultConfigurationName = Release;
		};
/* End XCConfigurationList section */

/* Begin XCRemoteSwiftPackageReference section */
		CC86A99324AA648000D06E0D /* XCRemoteSwiftPackageReference "SAKBase" */ = {
			isa = XCRemoteSwiftPackageReference;
			repositoryURL = "git@github.com:glorysaber/SAKBase.git";
			requirement = {
				branch = develop;
				kind = branch;
			};
		};
/* End XCRemoteSwiftPackageReference section */

/* Begin XCSwiftPackageProductDependency section */
		CC4AA28C24AA81FB0025C805 /* SAKBase */ = {
			isa = XCSwiftPackageProductDependency;
			package = CC86A99324AA648000D06E0D /* XCRemoteSwiftPackageReference "SAKBase" */;
			productName = SAKBase;
		};
/* End XCSwiftPackageProductDependency section */
	};
	rootObject = CCC1C14423D78AC70027CD2B /* Project object */;
}
